// !$*UTF8*$!
{
	archiveVersion = 1;
	classes = {
	};
	objectVersion = 46;
	objects = {

/* Begin PBXBuildFile section */
		5002EC5B1DD2B3D1009FB500 /* LaunchScreen.xib in Resources */ = {isa = PBXBuildFile; fileRef = 50256CA71A4B9D0B005950B9 /* LaunchScreen.xib */; };
		5005FB821D9D090800E2B3DC /* schedule.json in Resources */ = {isa = PBXBuildFile; fileRef = 5005FB811D9D090800E2B3DC /* schedule.json */; };
		50119E7D1DC873C6003667DE /* WeChatShare.swift in Sources */ = {isa = PBXBuildFile; fileRef = 50119E7C1DC873C6003667DE /* WeChatShare.swift */; };
		50119E7E1DC873C6003667DE /* WeChatShare.swift in Sources */ = {isa = PBXBuildFile; fileRef = 50119E7C1DC873C6003667DE /* WeChatShare.swift */; };
		50159E471B9B147500F22FFC /* DataForShare.swift in Sources */ = {isa = PBXBuildFile; fileRef = 50159E461B9B147500F22FFC /* DataForShare.swift */; };
		50159E4B1B9B2ED900F22FFC /* OpenInSafari.swift in Sources */ = {isa = PBXBuildFile; fileRef = 50159E4A1B9B2ED900F22FFC /* OpenInSafari.swift */; };
		50159E5D1BA05EBD00F22FFC /* ftcicon.jpg in Resources */ = {isa = PBXBuildFile; fileRef = 50159E5C1BA05EBD00F22FFC /* ftcicon.jpg */; };
		501797F51E49669400A2F2A9 /* IAPHelper.swift in Sources */ = {isa = PBXBuildFile; fileRef = 501797F41E49669400A2F2A9 /* IAPHelper.swift */; };
		501797F91E49699F00A2F2A9 /* FTCProducts.swift in Sources */ = {isa = PBXBuildFile; fileRef = 501797F81E49699F00A2F2A9 /* FTCProducts.swift */; };
		501797FA1E49711300A2F2A9 /* IAPHelper.swift in Sources */ = {isa = PBXBuildFile; fileRef = 501797F41E49669400A2F2A9 /* IAPHelper.swift */; };
		501797FC1E49711A00A2F2A9 /* FTCProducts.swift in Sources */ = {isa = PBXBuildFile; fileRef = 501797F81E49699F00A2F2A9 /* FTCProducts.swift */; };
		501F90181E3C72EB009EA5DD /* StoreKit.framework in Frameworks */ = {isa = PBXBuildFile; fileRef = 501F90171E3C72EB009EA5DD /* StoreKit.framework */; };
		50256C9F1A4B9D0B005950B9 /* AppDelegate.swift in Sources */ = {isa = PBXBuildFile; fileRef = 50256C9E1A4B9D0B005950B9 /* AppDelegate.swift */; };
		50256CA11A4B9D0B005950B9 /* ViewController.swift in Sources */ = {isa = PBXBuildFile; fileRef = 50256CA01A4B9D0B005950B9 /* ViewController.swift */; };
		50256CA41A4B9D0B005950B9 /* Main.storyboard in Resources */ = {isa = PBXBuildFile; fileRef = 50256CA21A4B9D0B005950B9 /* Main.storyboard */; };
		50256CA91A4B9D0B005950B9 /* LaunchScreen.xib in Resources */ = {isa = PBXBuildFile; fileRef = 50256CA71A4B9D0B005950B9 /* LaunchScreen.xib */; };
		50256CB51A4B9D0B005950B9 /* FT_AcademyTests.swift in Sources */ = {isa = PBXBuildFile; fileRef = 50256CB41A4B9D0B005950B9 /* FT_AcademyTests.swift */; };
		50256CBF1A4BF7E4005950B9 /* WebKit.framework in Frameworks */ = {isa = PBXBuildFile; fileRef = 50256CBE1A4BF7E4005950B9 /* WebKit.framework */; settings = {ATTRIBUTES = (Weak, ); }; };
		50256CC11A4BF7F4005950B9 /* UIKit.framework in Frameworks */ = {isa = PBXBuildFile; fileRef = 50256CC01A4BF7F4005950B9 /* UIKit.framework */; settings = {ATTRIBUTES = (Weak, ); }; };
		50256CC31A4BFAE7005950B9 /* Globals.swift in Sources */ = {isa = PBXBuildFile; fileRef = 50256CC21A4BFAE7005950B9 /* Globals.swift */; };
		50256CC51A4C1916005950B9 /* WKWebPageController.swift in Sources */ = {isa = PBXBuildFile; fileRef = 50256CC41A4C1916005950B9 /* WKWebPageController.swift */; };
		503435251DB9FDC200B2F686 /* sound.png in Resources */ = {isa = PBXBuildFile; fileRef = 503435231DB9FDC200B2F686 /* sound.png */; };
		503435261DB9FDC200B2F686 /* sound.png in Resources */ = {isa = PBXBuildFile; fileRef = 503435231DB9FDC200B2F686 /* sound.png */; };
		503435271DB9FDC200B2F686 /* mute.png in Resources */ = {isa = PBXBuildFile; fileRef = 503435241DB9FDC200B2F686 /* mute.png */; };
		503435281DB9FDC200B2F686 /* mute.png in Resources */ = {isa = PBXBuildFile; fileRef = 503435241DB9FDC200B2F686 /* mute.png */; };
		5034356A1DBDEC8300B2F686 /* AdSchedule.swift in Sources */ = {isa = PBXBuildFile; fileRef = 503435691DBDEC8200B2F686 /* AdSchedule.swift */; };
		5034356B1DBDEC8300B2F686 /* AdSchedule.swift in Sources */ = {isa = PBXBuildFile; fileRef = 503435691DBDEC8200B2F686 /* AdSchedule.swift */; };
		5039A4B21C61FAD40008F2AD /* libGoogleConversionTracking.a in Frameworks */ = {isa = PBXBuildFile; fileRef = 5039A4B01C61FAD40008F2AD /* libGoogleConversionTracking.a */; };
		5039A4B41C61FAD40008F2AD /* README.txt in Resources */ = {isa = PBXBuildFile; fileRef = 5039A4B11C61FAD40008F2AD /* README.txt */; };
		5039A4B71C61FB170008F2AD /* AdSupport.framework in Frameworks */ = {isa = PBXBuildFile; fileRef = 5039A4B61C61FB170008F2AD /* AdSupport.framework */; };
		50604A631A5552F2003803E6 /* webview.html in Resources */ = {isa = PBXBuildFile; fileRef = 50604A621A5552F1003803E6 /* webview.html */; };
		507C7E4D1DB0BCE800A8EF50 /* Globals.swift in Sources */ = {isa = PBXBuildFile; fileRef = 50256CC21A4BFAE7005950B9 /* Globals.swift */; };
		507C7E4F1DB0BCE800A8EF50 /* WKWebPageController.swift in Sources */ = {isa = PBXBuildFile; fileRef = 50256CC41A4C1916005950B9 /* WKWebPageController.swift */; };
		507C7E511DB0BCE800A8EF50 /* OpenInSafari.swift in Sources */ = {isa = PBXBuildFile; fileRef = 50159E4A1B9B2ED900F22FFC /* OpenInSafari.swift */; };
		507C7E521DB0BCE800A8EF50 /* ShareImageActivityProvider.swift in Sources */ = {isa = PBXBuildFile; fileRef = 50DF3E9E1D484B3C0054DDD2 /* ShareImageActivityProvider.swift */; };
		507C7E531DB0BCE800A8EF50 /* ViewController.swift in Sources */ = {isa = PBXBuildFile; fileRef = 50256CA01A4B9D0B005950B9 /* ViewController.swift */; };
		507C7E541DB0BCE800A8EF50 /* IJReachability.swift in Sources */ = {isa = PBXBuildFile; fileRef = 50982C7D1BC7A7C800907575 /* IJReachability.swift */; };
		507C7E551DB0BCE800A8EF50 /* DataForShare.swift in Sources */ = {isa = PBXBuildFile; fileRef = 50159E461B9B147500F22FFC /* DataForShare.swift */; };
		507C7E561DB0BCE800A8EF50 /* AppDelegate.swift in Sources */ = {isa = PBXBuildFile; fileRef = 50256C9E1A4B9D0B005950B9 /* AppDelegate.swift */; };
		507C7E581DB0BCE800A8EF50 /* User.swift in Sources */ = {isa = PBXBuildFile; fileRef = 50FCC9C01D34C1D300FC1892 /* User.swift */; };
		507C7E5A1DB0BCE800A8EF50 /* AdSupport.framework in Frameworks */ = {isa = PBXBuildFile; fileRef = 5039A4B61C61FB170008F2AD /* AdSupport.framework */; };
		507C7E5B1DB0BCE800A8EF50 /* CoreTelephony.framework in Frameworks */ = {isa = PBXBuildFile; fileRef = 50E5E6F11BD8A21B00F4A33E /* CoreTelephony.framework */; };
		507C7E5C1DB0BCE800A8EF50 /* libsqlite3.dylib in Frameworks */ = {isa = PBXBuildFile; fileRef = 50FC07EB1A53A589006EE23F /* libsqlite3.dylib */; };
		507C7E5D1DB0BCE800A8EF50 /* libz.dylib in Frameworks */ = {isa = PBXBuildFile; fileRef = 50FC07E91A53A44C006EE23F /* libz.dylib */; };
		507C7E5E1DB0BCE800A8EF50 /* SystemConfiguration.framework in Frameworks */ = {isa = PBXBuildFile; fileRef = 50FC07E71A53A419006EE23F /* SystemConfiguration.framework */; };
		507C7E5F1DB0BCE800A8EF50 /* libc++.dylib in Frameworks */ = {isa = PBXBuildFile; fileRef = 50FC07E51A53A33D006EE23F /* libc++.dylib */; };
		507C7E601DB0BCE800A8EF50 /* CoreLocation.framework in Frameworks */ = {isa = PBXBuildFile; fileRef = 50FC07E31A53A2B3006EE23F /* CoreLocation.framework */; };
		507C7E611DB0BCE800A8EF50 /* UIKit.framework in Frameworks */ = {isa = PBXBuildFile; fileRef = 50256CC01A4BF7F4005950B9 /* UIKit.framework */; settings = {ATTRIBUTES = (Weak, ); }; };
		507C7E621DB0BCE800A8EF50 /* libGoogleConversionTracking.a in Frameworks */ = {isa = PBXBuildFile; fileRef = 5039A4B01C61FAD40008F2AD /* libGoogleConversionTracking.a */; };
		507C7E631DB0BCE800A8EF50 /* WebKit.framework in Frameworks */ = {isa = PBXBuildFile; fileRef = 50256CBE1A4BF7E4005950B9 /* WebKit.framework */; settings = {ATTRIBUTES = (Weak, ); }; };
		507C7E641DB0BCE800A8EF50 /* libWeChatSDK.a in Frameworks */ = {isa = PBXBuildFile; fileRef = 50FC07DF1A539BF3006EE23F /* libWeChatSDK.a */; };
		507C7E661DB0BCE800A8EF50 /* Main.storyboard in Resources */ = {isa = PBXBuildFile; fileRef = 50256CA21A4B9D0B005950B9 /* Main.storyboard */; };
		507C7E671DB0BCE800A8EF50 /* webview.html in Resources */ = {isa = PBXBuildFile; fileRef = 50604A621A5552F1003803E6 /* webview.html */; };
		507C7E681DB0BCE800A8EF50 /* index.html in Resources */ = {isa = PBXBuildFile; fileRef = 50A677261A4EBFBC002B347F /* index.html */; };
		507C7E6C1DB0BCE800A8EF50 /* ftcicon.jpg in Resources */ = {isa = PBXBuildFile; fileRef = 50159E5C1BA05EBD00F22FFC /* ftcicon.jpg */; };
		507C7E6E1DB0BCE800A8EF50 /* README.txt in Resources */ = {isa = PBXBuildFile; fileRef = 5039A4B11C61FAD40008F2AD /* README.txt */; };
		507C7E701DB0BCE800A8EF50 /* schedule.json in Resources */ = {isa = PBXBuildFile; fileRef = 5005FB811D9D090800E2B3DC /* schedule.json */; };
		507C7E761DB0BCF100A8EF50 /* LaunchScreen.xib in Resources */ = {isa = PBXBuildFile; fileRef = 50C34C371BC664B300C8A8CB /* LaunchScreen.xib */; };
		50982C7F1BC7A7C800907575 /* IJReachability.swift in Sources */ = {isa = PBXBuildFile; fileRef = 50982C7D1BC7A7C800907575 /* IJReachability.swift */; };
		50982C801BC7A7C800907575 /* IJReachability.swift in Sources */ = {isa = PBXBuildFile; fileRef = 50982C7D1BC7A7C800907575 /* IJReachability.swift */; };
		50A677271A4EBFBC002B347F /* index.html in Resources */ = {isa = PBXBuildFile; fileRef = 50A677261A4EBFBC002B347F /* index.html */; };
		50B49B941E7D15BB00E53C0C /* MediaPlayer.framework in Frameworks */ = {isa = PBXBuildFile; fileRef = 50B49B931E7D15BB00E53C0C /* MediaPlayer.framework */; };
		50D6A1701E87B5D900E2EA8C /* PlaySpeech.swift in Sources */ = {isa = PBXBuildFile; fileRef = 50D6A16F1E87B5D900E2EA8C /* PlaySpeech.swift */; };
		50D6A1711E87B5D900E2EA8C /* PlaySpeech.swift in Sources */ = {isa = PBXBuildFile; fileRef = 50D6A16F1E87B5D900E2EA8C /* PlaySpeech.swift */; };
		50DF3E9F1D484B3C0054DDD2 /* ShareImageActivityProvider.swift in Sources */ = {isa = PBXBuildFile; fileRef = 50DF3E9E1D484B3C0054DDD2 /* ShareImageActivityProvider.swift */; };
		50E577D71DB754880016A73F /* close.png in Resources */ = {isa = PBXBuildFile; fileRef = 50E577D61DB754880016A73F /* close.png */; };
		50E577D81DB754880016A73F /* close.png in Resources */ = {isa = PBXBuildFile; fileRef = 50E577D61DB754880016A73F /* close.png */; };
		50E5E6F21BD8A21B00F4A33E /* CoreTelephony.framework in Frameworks */ = {isa = PBXBuildFile; fileRef = 50E5E6F11BD8A21B00F4A33E /* CoreTelephony.framework */; };
		50FC07E21A539BF3006EE23F /* libWeChatSDK.a in Frameworks */ = {isa = PBXBuildFile; fileRef = 50FC07DF1A539BF3006EE23F /* libWeChatSDK.a */; };
		50FC07E41A53A2B3006EE23F /* CoreLocation.framework in Frameworks */ = {isa = PBXBuildFile; fileRef = 50FC07E31A53A2B3006EE23F /* CoreLocation.framework */; };
		50FC07E61A53A33D006EE23F /* libc++.dylib in Frameworks */ = {isa = PBXBuildFile; fileRef = 50FC07E51A53A33D006EE23F /* libc++.dylib */; };
		50FC07E81A53A419006EE23F /* SystemConfiguration.framework in Frameworks */ = {isa = PBXBuildFile; fileRef = 50FC07E71A53A419006EE23F /* SystemConfiguration.framework */; };
		50FC07EA1A53A44C006EE23F /* libz.dylib in Frameworks */ = {isa = PBXBuildFile; fileRef = 50FC07E91A53A44C006EE23F /* libz.dylib */; };
		50FC07EC1A53A589006EE23F /* libsqlite3.dylib in Frameworks */ = {isa = PBXBuildFile; fileRef = 50FC07EB1A53A589006EE23F /* libsqlite3.dylib */; };
		50FCC9C11D34C1D300FC1892 /* User.swift in Sources */ = {isa = PBXBuildFile; fileRef = 50FCC9C01D34C1D300FC1892 /* User.swift */; };
		50FCC9C31D34C1D300FC1892 /* User.swift in Sources */ = {isa = PBXBuildFile; fileRef = 50FCC9C01D34C1D300FC1892 /* User.swift */; };
		601BF9961E94C2230032C467 /* AudioPlayer.swift in Sources */ = {isa = PBXBuildFile; fileRef = 601BF9951E94C2230032C467 /* AudioPlayer.swift */; };
		601BF9971E94C2230032C467 /* AudioPlayer.swift in Sources */ = {isa = PBXBuildFile; fileRef = 601BF9951E94C2230032C467 /* AudioPlayer.swift */; };
		6023B6091E9F714A00AF1F8F /* ShareHelper.swift in Sources */ = {isa = PBXBuildFile; fileRef = 6023B6081E9F714A00AF1F8F /* ShareHelper.swift */; };
		6023B60A1E9F714A00AF1F8F /* ShareHelper.swift in Sources */ = {isa = PBXBuildFile; fileRef = 6023B6081E9F714A00AF1F8F /* ShareHelper.swift */; };
		6026476F1E973A6E009D8398 /* indexBig5.html in Resources */ = {isa = PBXBuildFile; fileRef = 6026476E1E973A6E009D8398 /* indexBig5.html */; };
		602647701E973A6E009D8398 /* indexBig5.html in Resources */ = {isa = PBXBuildFile; fileRef = 6026476E1E973A6E009D8398 /* indexBig5.html */; };
		602647721E976692009D8398 /* SpeechDefaultVoice.swift in Sources */ = {isa = PBXBuildFile; fileRef = 602647711E976692009D8398 /* SpeechDefaultVoice.swift */; };
		602647731E976692009D8398 /* SpeechDefaultVoice.swift in Sources */ = {isa = PBXBuildFile; fileRef = 602647711E976692009D8398 /* SpeechDefaultVoice.swift */; };
		602647751E97804C009D8398 /* cover.jpg in Resources */ = {isa = PBXBuildFile; fileRef = 602647741E97804C009D8398 /* cover.jpg */; };
		602647761E97804C009D8398 /* cover.jpg in Resources */ = {isa = PBXBuildFile; fileRef = 602647741E97804C009D8398 /* cover.jpg */; };
		602647781E978E7E009D8398 /* Images.xcassets in Resources */ = {isa = PBXBuildFile; fileRef = 602647771E978E7E009D8398 /* Images.xcassets */; };
		602647791E978E7E009D8398 /* Images.xcassets in Resources */ = {isa = PBXBuildFile; fileRef = 602647771E978E7E009D8398 /* Images.xcassets */; };
		60289D7F1EA4A85F001B1135 /* FileManagerHelper.swift in Sources */ = {isa = PBXBuildFile; fileRef = 60289D7E1EA4A85F001B1135 /* FileManagerHelper.swift */; };
		60289D801EA4A85F001B1135 /* FileManagerHelper.swift in Sources */ = {isa = PBXBuildFile; fileRef = 60289D7E1EA4A85F001B1135 /* FileManagerHelper.swift */; };
		60289D831EA4A98B001B1135 /* AudioHelper.swift in Sources */ = {isa = PBXBuildFile; fileRef = 60289D821EA4A98B001B1135 /* AudioHelper.swift */; };
		60289D841EA4A98B001B1135 /* AudioHelper.swift in Sources */ = {isa = PBXBuildFile; fileRef = 60289D821EA4A98B001B1135 /* AudioHelper.swift */; };
		604056BA1E9C861C008A7701 /* LeakAvoider.swift in Sources */ = {isa = PBXBuildFile; fileRef = 604056B91E9C861C008A7701 /* LeakAvoider.swift */; };
		604056BB1E9C861C008A7701 /* LeakAvoider.swift in Sources */ = {isa = PBXBuildFile; fileRef = 604056B91E9C861C008A7701 /* LeakAvoider.swift */; };
		604056BD1E9DFA36008A7701 /* UserNotifications.framework in Frameworks */ = {isa = PBXBuildFile; fileRef = 604056BC1E9DFA36008A7701 /* UserNotifications.framework */; };
		604056BE1E9DFA46008A7701 /* UserNotifications.framework in Frameworks */ = {isa = PBXBuildFile; fileRef = 604056BC1E9DFA36008A7701 /* UserNotifications.framework */; };
		605C58FE1E8DF0B800174DF3 /* Security.framework in Frameworks */ = {isa = PBXBuildFile; fileRef = 605C58FD1E8DF0B800174DF3 /* Security.framework */; };
		605C59001E8DF0EC00174DF3 /* CFNetwork.framework in Frameworks */ = {isa = PBXBuildFile; fileRef = 605C58FF1E8DF0EC00174DF3 /* CFNetwork.framework */; };
		605C59011E8DF5E500174DF3 /* Security.framework in Frameworks */ = {isa = PBXBuildFile; fileRef = 605C58FD1E8DF0B800174DF3 /* Security.framework */; };
		605C59021E8DF5EF00174DF3 /* CFNetwork.framework in Frameworks */ = {isa = PBXBuildFile; fileRef = 605C58FF1E8DF0EC00174DF3 /* CFNetwork.framework */; };
		606D05071EBC28DE00957DD5 /* benz.mp4 in Resources */ = {isa = PBXBuildFile; fileRef = 606D05061EBC28DE00957DD5 /* benz.mp4 */; };
		607480311E9B32F6009C0756 /* NowPlayingCenter.swift in Sources */ = {isa = PBXBuildFile; fileRef = 607480301E9B32F6009C0756 /* NowPlayingCenter.swift */; };
		607480321E9B32F6009C0756 /* NowPlayingCenter.swift in Sources */ = {isa = PBXBuildFile; fileRef = 607480301E9B32F6009C0756 /* NowPlayingCenter.swift */; };
		6074A4C31EA067E300230937 /* DownloadHelper.swift in Sources */ = {isa = PBXBuildFile; fileRef = 6074A4C21EA067E300230937 /* DownloadHelper.swift */; };
		6074A4C41EA067E300230937 /* DownloadHelper.swift in Sources */ = {isa = PBXBuildFile; fileRef = 6074A4C21EA067E300230937 /* DownloadHelper.swift */; };
		60BD9C381ED3BD1F00CFAD3C /* NotificationCenter.framework in Frameworks */ = {isa = PBXBuildFile; fileRef = 60BD9C371ED3BD1F00CFAD3C /* NotificationCenter.framework */; };
		60BD9C3B1ED3BD1F00CFAD3C /* TodayViewController.swift in Sources */ = {isa = PBXBuildFile; fileRef = 60BD9C3A1ED3BD1F00CFAD3C /* TodayViewController.swift */; };
		60BD9C3E1ED3BD1F00CFAD3C /* MainInterface.storyboard in Resources */ = {isa = PBXBuildFile; fileRef = 60BD9C3C1ED3BD1F00CFAD3C /* MainInterface.storyboard */; };
		60BD9C421ED3BD1F00CFAD3C /* FT今日焦点.appex in Embed App Extensions */ = {isa = PBXBuildFile; fileRef = 60BD9C361ED3BD1F00CFAD3C /* FT今日焦点.appex */; settings = {ATTRIBUTES = (RemoveHeadersOnCopy, ); }; };
		60C2F5EA1EC42F3900A30099 /* HappyUser.swift in Sources */ = {isa = PBXBuildFile; fileRef = 60C2F5E91EC42F3900A30099 /* HappyUser.swift */; };
		60C2F5EB1EC42F3900A30099 /* HappyUser.swift in Sources */ = {isa = PBXBuildFile; fileRef = 60C2F5E91EC42F3900A30099 /* HappyUser.swift */; };
		60D26FDC1E8F58D80047C6AB /* SpeechSettings.swift in Sources */ = {isa = PBXBuildFile; fileRef = 60D26FDB1E8F58D80047C6AB /* SpeechSettings.swift */; };
		60D26FDD1E8F58D80047C6AB /* SpeechSettings.swift in Sources */ = {isa = PBXBuildFile; fileRef = 60D26FDB1E8F58D80047C6AB /* SpeechSettings.swift */; };
		CD6C7E714D02A4C7ED3C3236 /* Pods_FT___.framework in Frameworks */ = {isa = PBXBuildFile; fileRef = CF896B870CE411A5E6A3044D /* Pods_FT___.framework */; };
		CE83F38E5B8EC2ED9CD8CBEA /* Pods_FT____iPad.framework in Frameworks */ = {isa = PBXBuildFile; fileRef = 04063C10DFA84D4B9E2DB85F /* Pods_FT____iPad.framework */; };
/* End PBXBuildFile section */

/* Begin PBXContainerItemProxy section */
		50256CAF1A4B9D0B005950B9 /* PBXContainerItemProxy */ = {
			isa = PBXContainerItemProxy;
			containerPortal = 50256C911A4B9D0B005950B9 /* Project object */;
			proxyType = 1;
			remoteGlobalIDString = 50256C981A4B9D0B005950B9;
			remoteInfo = "FT Academy";
		};
		60BD9C401ED3BD1F00CFAD3C /* PBXContainerItemProxy */ = {
			isa = PBXContainerItemProxy;
			containerPortal = 50256C911A4B9D0B005950B9 /* Project object */;
			proxyType = 1;
			remoteGlobalIDString = 60BD9C351ED3BD1F00CFAD3C;
			remoteInfo = "FT今日焦点";
		};
/* End PBXContainerItemProxy section */

/* Begin PBXCopyFilesBuildPhase section */
		60BD9C461ED3BD1F00CFAD3C /* Embed App Extensions */ = {
			isa = PBXCopyFilesBuildPhase;
			buildActionMask = 2147483647;
			dstPath = "";
			dstSubfolderSpec = 13;
			files = (
				60BD9C421ED3BD1F00CFAD3C /* FT今日焦点.appex in Embed App Extensions */,
			);
			name = "Embed App Extensions";
			runOnlyForDeploymentPostprocessing = 0;
		};
/* End PBXCopyFilesBuildPhase section */

/* Begin PBXFileReference section */
		04063C10DFA84D4B9E2DB85F /* Pods_FT____iPad.framework */ = {isa = PBXFileReference; explicitFileType = wrapper.framework; includeInIndex = 0; path = "Pods_FT____iPad.framework"; sourceTree = BUILT_PRODUCTS_DIR; };
		244FCD22C95076D181258B54 /* Pods-FT中文网-iPad.release.xcconfig */ = {isa = PBXFileReference; includeInIndex = 1; lastKnownFileType = text.xcconfig; name = "Pods-FT中文网-iPad.release.xcconfig"; path = "Pods/Target Support Files/Pods-FT中文网-iPad/Pods-FT中文网-iPad.release.xcconfig"; sourceTree = "<group>"; };
		5005FB811D9D090800E2B3DC /* schedule.json */ = {isa = PBXFileReference; fileEncoding = 4; lastKnownFileType = text.json; path = schedule.json; sourceTree = "<group>"; };
		50119E7C1DC873C6003667DE /* WeChatShare.swift */ = {isa = PBXFileReference; fileEncoding = 4; lastKnownFileType = sourcecode.swift; path = WeChatShare.swift; sourceTree = "<group>"; };
		50159E461B9B147500F22FFC /* DataForShare.swift */ = {isa = PBXFileReference; fileEncoding = 4; lastKnownFileType = sourcecode.swift; path = DataForShare.swift; sourceTree = "<group>"; };
		50159E4A1B9B2ED900F22FFC /* OpenInSafari.swift */ = {isa = PBXFileReference; fileEncoding = 4; lastKnownFileType = sourcecode.swift; path = OpenInSafari.swift; sourceTree = "<group>"; };
		50159E5C1BA05EBD00F22FFC /* ftcicon.jpg */ = {isa = PBXFileReference; lastKnownFileType = image.jpeg; path = ftcicon.jpg; sourceTree = "<group>"; };
		501797F41E49669400A2F2A9 /* IAPHelper.swift */ = {isa = PBXFileReference; fileEncoding = 4; lastKnownFileType = sourcecode.swift; path = IAPHelper.swift; sourceTree = "<group>"; };
		501797F81E49699F00A2F2A9 /* FTCProducts.swift */ = {isa = PBXFileReference; fileEncoding = 4; lastKnownFileType = sourcecode.swift; name = FTCProducts.swift; path = ../FTCProducts.swift; sourceTree = "<group>"; };
		501F90171E3C72EB009EA5DD /* StoreKit.framework */ = {isa = PBXFileReference; lastKnownFileType = wrapper.framework; name = StoreKit.framework; path = System/Library/Frameworks/StoreKit.framework; sourceTree = SDKROOT; };
		50256C991A4B9D0B005950B9 /* FT中文网.app */ = {isa = PBXFileReference; explicitFileType = wrapper.application; includeInIndex = 0; path = "FT中文网.app"; sourceTree = BUILT_PRODUCTS_DIR; };
		50256C9D1A4B9D0B005950B9 /* Info.plist */ = {isa = PBXFileReference; lastKnownFileType = text.plist.xml; path = Info.plist; sourceTree = "<group>"; };
		50256C9E1A4B9D0B005950B9 /* AppDelegate.swift */ = {isa = PBXFileReference; lastKnownFileType = sourcecode.swift; path = AppDelegate.swift; sourceTree = "<group>"; };
		50256CA01A4B9D0B005950B9 /* ViewController.swift */ = {isa = PBXFileReference; lastKnownFileType = sourcecode.swift; path = ViewController.swift; sourceTree = "<group>"; };
		50256CA31A4B9D0B005950B9 /* Base */ = {isa = PBXFileReference; lastKnownFileType = file.storyboard; name = Base; path = Base.lproj/Main.storyboard; sourceTree = "<group>"; };
		50256CA81A4B9D0B005950B9 /* Base */ = {isa = PBXFileReference; lastKnownFileType = file.xib; name = Base; path = Base.lproj/LaunchScreen.xib; sourceTree = "<group>"; };
		50256CAE1A4B9D0B005950B9 /* FT中文网.xctest */ = {isa = PBXFileReference; explicitFileType = wrapper.cfbundle; includeInIndex = 0; path = "FT中文网.xctest"; sourceTree = BUILT_PRODUCTS_DIR; };
		50256CB31A4B9D0B005950B9 /* Info.plist */ = {isa = PBXFileReference; lastKnownFileType = text.plist.xml; path = Info.plist; sourceTree = "<group>"; };
		50256CB41A4B9D0B005950B9 /* FT_AcademyTests.swift */ = {isa = PBXFileReference; lastKnownFileType = sourcecode.swift; path = FT_AcademyTests.swift; sourceTree = "<group>"; };
		50256CBE1A4BF7E4005950B9 /* WebKit.framework */ = {isa = PBXFileReference; lastKnownFileType = wrapper.framework; name = WebKit.framework; path = System/Library/Frameworks/WebKit.framework; sourceTree = SDKROOT; };
		50256CC01A4BF7F4005950B9 /* UIKit.framework */ = {isa = PBXFileReference; lastKnownFileType = wrapper.framework; name = UIKit.framework; path = System/Library/Frameworks/UIKit.framework; sourceTree = SDKROOT; };
		50256CC21A4BFAE7005950B9 /* Globals.swift */ = {isa = PBXFileReference; fileEncoding = 4; lastKnownFileType = sourcecode.swift; path = Globals.swift; sourceTree = "<group>"; };
		50256CC41A4C1916005950B9 /* WKWebPageController.swift */ = {isa = PBXFileReference; fileEncoding = 4; lastKnownFileType = sourcecode.swift; path = WKWebPageController.swift; sourceTree = "<group>"; };
		503435231DB9FDC200B2F686 /* sound.png */ = {isa = PBXFileReference; lastKnownFileType = image.png; path = sound.png; sourceTree = "<group>"; };
		503435241DB9FDC200B2F686 /* mute.png */ = {isa = PBXFileReference; lastKnownFileType = image.png; path = mute.png; sourceTree = "<group>"; };
		503435691DBDEC8200B2F686 /* AdSchedule.swift */ = {isa = PBXFileReference; fileEncoding = 4; lastKnownFileType = sourcecode.swift; path = AdSchedule.swift; sourceTree = "<group>"; };
		5039A4AB1C61FAD40008F2AD /* ACTReporter.h */ = {isa = PBXFileReference; fileEncoding = 4; lastKnownFileType = sourcecode.c.h; path = ACTReporter.h; sourceTree = "<group>"; };
		5039A4AD1C61FAD40008F2AD /* GoogleConversionPing.h */ = {isa = PBXFileReference; fileEncoding = 4; lastKnownFileType = sourcecode.c.h; path = GoogleConversionPing.h; sourceTree = "<group>"; };
		5039A4AF1C61FAD40008F2AD /* DCTReporter.h */ = {isa = PBXFileReference; fileEncoding = 4; lastKnownFileType = sourcecode.c.h; path = DCTReporter.h; sourceTree = "<group>"; };
		5039A4B01C61FAD40008F2AD /* libGoogleConversionTracking.a */ = {isa = PBXFileReference; lastKnownFileType = archive.ar; path = libGoogleConversionTracking.a; sourceTree = "<group>"; };
		5039A4B11C61FAD40008F2AD /* README.txt */ = {isa = PBXFileReference; fileEncoding = 4; lastKnownFileType = text; path = README.txt; sourceTree = "<group>"; };
		5039A4B61C61FB170008F2AD /* AdSupport.framework */ = {isa = PBXFileReference; lastKnownFileType = wrapper.framework; name = AdSupport.framework; path = System/Library/Frameworks/AdSupport.framework; sourceTree = SDKROOT; };
		50604A621A5552F1003803E6 /* webview.html */ = {isa = PBXFileReference; fileEncoding = 4; lastKnownFileType = text.html; name = webview.html; path = supporting/webview.html; sourceTree = "<group>"; };
		507C7E741DB0BCE800A8EF50 /* FT中文网-iPad.app */ = {isa = PBXFileReference; explicitFileType = wrapper.application; includeInIndex = 0; path = "FT中文网-iPad.app"; sourceTree = BUILT_PRODUCTS_DIR; };
		507C7E751DB0BCE800A8EF50 /* FT中文网 copy-Info.plist */ = {isa = PBXFileReference; lastKnownFileType = text.plist.xml; name = "FT中文网 copy-Info.plist"; path = "/Users/zhangoliver/sandbox/FTCiPhone/FT中文网 copy-Info.plist"; sourceTree = "<absolute>"; };
		50873CC91A503A870027955A /* FT Academy-Bridging-Header.h */ = {isa = PBXFileReference; lastKnownFileType = sourcecode.c.h; path = "FT Academy-Bridging-Header.h"; sourceTree = "<group>"; };
		50982C7D1BC7A7C800907575 /* IJReachability.swift */ = {isa = PBXFileReference; fileEncoding = 4; lastKnownFileType = sourcecode.swift; path = IJReachability.swift; sourceTree = "<group>"; };
		50A677261A4EBFBC002B347F /* index.html */ = {isa = PBXFileReference; fileEncoding = 4; lastKnownFileType = text.html; name = index.html; path = supporting/index.html; sourceTree = "<group>"; };
		50B49B931E7D15BB00E53C0C /* MediaPlayer.framework */ = {isa = PBXFileReference; lastKnownFileType = wrapper.framework; name = MediaPlayer.framework; path = System/Library/Frameworks/MediaPlayer.framework; sourceTree = SDKROOT; };
		50B5D05D1DAF1E450052C954 /* FT中文网.entitlements */ = {isa = PBXFileReference; lastKnownFileType = text.plist.entitlements; path = "FT中文网.entitlements"; sourceTree = SOURCE_ROOT; };
		50C34C361BC664AE00C8A8CB /* FT中文网HD.plist */ = {isa = PBXFileReference; lastKnownFileType = text.plist.xml; name = "FT中文网HD.plist"; path = "/Users/zhangoliver/sandbox/FTCiPhone/FT中文网HD.plist"; sourceTree = "<absolute>"; };
		50C34C381BC664B300C8A8CB /* Base */ = {isa = PBXFileReference; lastKnownFileType = file.xib; name = Base; path = "Resources-iPad/FT Academy/Base.lproj/LaunchScreen.xib"; sourceTree = "<group>"; };
		50D6A16F1E87B5D900E2EA8C /* PlaySpeech.swift */ = {isa = PBXFileReference; fileEncoding = 4; lastKnownFileType = sourcecode.swift; path = PlaySpeech.swift; sourceTree = "<group>"; };
		50DF3E9E1D484B3C0054DDD2 /* ShareImageActivityProvider.swift */ = {isa = PBXFileReference; fileEncoding = 4; lastKnownFileType = sourcecode.swift; path = ShareImageActivityProvider.swift; sourceTree = "<group>"; };
		50E577D61DB754880016A73F /* close.png */ = {isa = PBXFileReference; lastKnownFileType = image.png; path = close.png; sourceTree = "<group>"; };
		50E5E6F11BD8A21B00F4A33E /* CoreTelephony.framework */ = {isa = PBXFileReference; lastKnownFileType = wrapper.framework; name = CoreTelephony.framework; path = System/Library/Frameworks/CoreTelephony.framework; sourceTree = SDKROOT; };
		50FC07DF1A539BF3006EE23F /* libWeChatSDK.a */ = {isa = PBXFileReference; lastKnownFileType = archive.ar; path = libWeChatSDK.a; sourceTree = "<group>"; };
		50FC07E01A539BF3006EE23F /* WXApi.h */ = {isa = PBXFileReference; fileEncoding = 4; lastKnownFileType = sourcecode.c.h; path = WXApi.h; sourceTree = "<group>"; };
		50FC07E11A539BF3006EE23F /* WXApiObject.h */ = {isa = PBXFileReference; fileEncoding = 4; lastKnownFileType = sourcecode.c.h; path = WXApiObject.h; sourceTree = "<group>"; };
		50FC07E31A53A2B3006EE23F /* CoreLocation.framework */ = {isa = PBXFileReference; lastKnownFileType = wrapper.framework; name = CoreLocation.framework; path = System/Library/Frameworks/CoreLocation.framework; sourceTree = SDKROOT; };
		50FC07E51A53A33D006EE23F /* libc++.dylib */ = {isa = PBXFileReference; lastKnownFileType = "compiled.mach-o.dylib"; name = "libc++.dylib"; path = "usr/lib/libc++.dylib"; sourceTree = SDKROOT; };
		50FC07E71A53A419006EE23F /* SystemConfiguration.framework */ = {isa = PBXFileReference; lastKnownFileType = wrapper.framework; name = SystemConfiguration.framework; path = System/Library/Frameworks/SystemConfiguration.framework; sourceTree = SDKROOT; };
		50FC07E91A53A44C006EE23F /* libz.dylib */ = {isa = PBXFileReference; lastKnownFileType = "compiled.mach-o.dylib"; name = libz.dylib; path = usr/lib/libz.dylib; sourceTree = SDKROOT; };
		50FC07EB1A53A589006EE23F /* libsqlite3.dylib */ = {isa = PBXFileReference; lastKnownFileType = "compiled.mach-o.dylib"; name = libsqlite3.dylib; path = usr/lib/libsqlite3.dylib; sourceTree = SDKROOT; };
		50FCC9C01D34C1D300FC1892 /* User.swift */ = {isa = PBXFileReference; fileEncoding = 4; lastKnownFileType = sourcecode.swift; path = User.swift; sourceTree = "<group>"; };
		601BF9951E94C2230032C467 /* AudioPlayer.swift */ = {isa = PBXFileReference; fileEncoding = 4; lastKnownFileType = sourcecode.swift; path = AudioPlayer.swift; sourceTree = "<group>"; };
		6023B6081E9F714A00AF1F8F /* ShareHelper.swift */ = {isa = PBXFileReference; fileEncoding = 4; lastKnownFileType = sourcecode.swift; path = ShareHelper.swift; sourceTree = "<group>"; };
		6026476E1E973A6E009D8398 /* indexBig5.html */ = {isa = PBXFileReference; fileEncoding = 4; lastKnownFileType = text.html; name = indexBig5.html; path = supporting/indexBig5.html; sourceTree = "<group>"; };
		602647711E976692009D8398 /* SpeechDefaultVoice.swift */ = {isa = PBXFileReference; fileEncoding = 4; lastKnownFileType = sourcecode.swift; path = SpeechDefaultVoice.swift; sourceTree = "<group>"; };
		602647741E97804C009D8398 /* cover.jpg */ = {isa = PBXFileReference; lastKnownFileType = image.jpeg; path = cover.jpg; sourceTree = "<group>"; };
		602647771E978E7E009D8398 /* Images.xcassets */ = {isa = PBXFileReference; lastKnownFileType = folder.assetcatalog; path = Images.xcassets; sourceTree = "<group>"; };
		60289D7E1EA4A85F001B1135 /* FileManagerHelper.swift */ = {isa = PBXFileReference; fileEncoding = 4; lastKnownFileType = sourcecode.swift; path = FileManagerHelper.swift; sourceTree = "<group>"; };
		60289D821EA4A98B001B1135 /* AudioHelper.swift */ = {isa = PBXFileReference; fileEncoding = 4; lastKnownFileType = sourcecode.swift; path = AudioHelper.swift; sourceTree = "<group>"; };
		604056B91E9C861C008A7701 /* LeakAvoider.swift */ = {isa = PBXFileReference; fileEncoding = 4; lastKnownFileType = sourcecode.swift; path = LeakAvoider.swift; sourceTree = "<group>"; };
		604056BC1E9DFA36008A7701 /* UserNotifications.framework */ = {isa = PBXFileReference; lastKnownFileType = wrapper.framework; name = UserNotifications.framework; path = System/Library/Frameworks/UserNotifications.framework; sourceTree = SDKROOT; };
		605C58FD1E8DF0B800174DF3 /* Security.framework */ = {isa = PBXFileReference; lastKnownFileType = wrapper.framework; name = Security.framework; path = System/Library/Frameworks/Security.framework; sourceTree = SDKROOT; };
		605C58FF1E8DF0EC00174DF3 /* CFNetwork.framework */ = {isa = PBXFileReference; lastKnownFileType = wrapper.framework; name = CFNetwork.framework; path = System/Library/Frameworks/CFNetwork.framework; sourceTree = SDKROOT; };
		606D05061EBC28DE00957DD5 /* benz.mp4 */ = {isa = PBXFileReference; lastKnownFileType = file; path = benz.mp4; sourceTree = "<group>"; };
		607480301E9B32F6009C0756 /* NowPlayingCenter.swift */ = {isa = PBXFileReference; fileEncoding = 4; lastKnownFileType = sourcecode.swift; path = NowPlayingCenter.swift; sourceTree = "<group>"; };
		6074A4C21EA067E300230937 /* DownloadHelper.swift */ = {isa = PBXFileReference; fileEncoding = 4; lastKnownFileType = sourcecode.swift; path = DownloadHelper.swift; sourceTree = "<group>"; };
		60BD9C361ED3BD1F00CFAD3C /* FT今日焦点.appex */ = {isa = PBXFileReference; explicitFileType = "wrapper.app-extension"; includeInIndex = 0; path = "FT今日焦点.appex"; sourceTree = BUILT_PRODUCTS_DIR; };
		60BD9C371ED3BD1F00CFAD3C /* NotificationCenter.framework */ = {isa = PBXFileReference; lastKnownFileType = wrapper.framework; name = NotificationCenter.framework; path = System/Library/Frameworks/NotificationCenter.framework; sourceTree = SDKROOT; };
		60BD9C3A1ED3BD1F00CFAD3C /* TodayViewController.swift */ = {isa = PBXFileReference; lastKnownFileType = sourcecode.swift; path = TodayViewController.swift; sourceTree = "<group>"; };
		60BD9C3D1ED3BD1F00CFAD3C /* Base */ = {isa = PBXFileReference; lastKnownFileType = file.storyboard; name = Base; path = Base.lproj/MainInterface.storyboard; sourceTree = "<group>"; };
		60BD9C3F1ED3BD1F00CFAD3C /* Info.plist */ = {isa = PBXFileReference; lastKnownFileType = text.plist.xml; path = Info.plist; sourceTree = "<group>"; };
		60BD9C471ED3C2B900CFAD3C /* FT今日焦点.entitlements */ = {isa = PBXFileReference; lastKnownFileType = text.plist.entitlements; path = "FT今日焦点.entitlements"; sourceTree = "<group>"; };
		60C2F5E91EC42F3900A30099 /* HappyUser.swift */ = {isa = PBXFileReference; fileEncoding = 4; lastKnownFileType = sourcecode.swift; path = HappyUser.swift; sourceTree = "<group>"; };
		60D26FDB1E8F58D80047C6AB /* SpeechSettings.swift */ = {isa = PBXFileReference; fileEncoding = 4; lastKnownFileType = sourcecode.swift; path = SpeechSettings.swift; sourceTree = "<group>"; };
		976359DE7C996269A56DA9C6 /* Pods-FT中文网.debug.xcconfig */ = {isa = PBXFileReference; includeInIndex = 1; lastKnownFileType = text.xcconfig; name = "Pods-FT中文网.debug.xcconfig"; path = "Pods/Target Support Files/Pods-FT中文网/Pods-FT中文网.debug.xcconfig"; sourceTree = "<group>"; };
		B1B0C223055A04C366CDF337 /* Pods-FT中文网-iPad.debug.xcconfig */ = {isa = PBXFileReference; includeInIndex = 1; lastKnownFileType = text.xcconfig; name = "Pods-FT中文网-iPad.debug.xcconfig"; path = "Pods/Target Support Files/Pods-FT中文网-iPad/Pods-FT中文网-iPad.debug.xcconfig"; sourceTree = "<group>"; };
		CF896B870CE411A5E6A3044D /* Pods_FT___.framework */ = {isa = PBXFileReference; explicitFileType = wrapper.framework; includeInIndex = 0; path = "Pods_FT___.framework"; sourceTree = BUILT_PRODUCTS_DIR; };
		F23BDF4DA58F76843F7DFE97 /* Pods-FT中文网.release.xcconfig */ = {isa = PBXFileReference; includeInIndex = 1; lastKnownFileType = text.xcconfig; name = "Pods-FT中文网.release.xcconfig"; path = "Pods/Target Support Files/Pods-FT中文网/Pods-FT中文网.release.xcconfig"; sourceTree = "<group>"; };
/* End PBXFileReference section */

/* Begin PBXFrameworksBuildPhase section */
		50256C961A4B9D0B005950B9 /* Frameworks */ = {
			isa = PBXFrameworksBuildPhase;
			buildActionMask = 2147483647;
			files = (
				604056BD1E9DFA36008A7701 /* UserNotifications.framework in Frameworks */,
				605C59001E8DF0EC00174DF3 /* CFNetwork.framework in Frameworks */,
				605C58FE1E8DF0B800174DF3 /* Security.framework in Frameworks */,
				50B49B941E7D15BB00E53C0C /* MediaPlayer.framework in Frameworks */,
				5039A4B71C61FB170008F2AD /* AdSupport.framework in Frameworks */,
				50E5E6F21BD8A21B00F4A33E /* CoreTelephony.framework in Frameworks */,
				50FC07EC1A53A589006EE23F /* libsqlite3.dylib in Frameworks */,
				501F90181E3C72EB009EA5DD /* StoreKit.framework in Frameworks */,
				50FC07EA1A53A44C006EE23F /* libz.dylib in Frameworks */,
				50FC07E81A53A419006EE23F /* SystemConfiguration.framework in Frameworks */,
				50FC07E61A53A33D006EE23F /* libc++.dylib in Frameworks */,
				50FC07E41A53A2B3006EE23F /* CoreLocation.framework in Frameworks */,
				50256CC11A4BF7F4005950B9 /* UIKit.framework in Frameworks */,
				5039A4B21C61FAD40008F2AD /* libGoogleConversionTracking.a in Frameworks */,
				50256CBF1A4BF7E4005950B9 /* WebKit.framework in Frameworks */,
				50FC07E21A539BF3006EE23F /* libWeChatSDK.a in Frameworks */,
				CD6C7E714D02A4C7ED3C3236 /* Pods_FT___.framework in Frameworks */,
			);
			runOnlyForDeploymentPostprocessing = 0;
		};
		50256CAB1A4B9D0B005950B9 /* Frameworks */ = {
			isa = PBXFrameworksBuildPhase;
			buildActionMask = 2147483647;
			files = (
			);
			runOnlyForDeploymentPostprocessing = 0;
		};
		507C7E591DB0BCE800A8EF50 /* Frameworks */ = {
			isa = PBXFrameworksBuildPhase;
			buildActionMask = 2147483647;
			files = (
				604056BE1E9DFA46008A7701 /* UserNotifications.framework in Frameworks */,
				605C59021E8DF5EF00174DF3 /* CFNetwork.framework in Frameworks */,
				605C59011E8DF5E500174DF3 /* Security.framework in Frameworks */,
				507C7E5A1DB0BCE800A8EF50 /* AdSupport.framework in Frameworks */,
				507C7E5B1DB0BCE800A8EF50 /* CoreTelephony.framework in Frameworks */,
				507C7E5C1DB0BCE800A8EF50 /* libsqlite3.dylib in Frameworks */,
				507C7E5D1DB0BCE800A8EF50 /* libz.dylib in Frameworks */,
				507C7E5E1DB0BCE800A8EF50 /* SystemConfiguration.framework in Frameworks */,
				507C7E5F1DB0BCE800A8EF50 /* libc++.dylib in Frameworks */,
				507C7E601DB0BCE800A8EF50 /* CoreLocation.framework in Frameworks */,
				507C7E611DB0BCE800A8EF50 /* UIKit.framework in Frameworks */,
				507C7E621DB0BCE800A8EF50 /* libGoogleConversionTracking.a in Frameworks */,
				507C7E631DB0BCE800A8EF50 /* WebKit.framework in Frameworks */,
				507C7E641DB0BCE800A8EF50 /* libWeChatSDK.a in Frameworks */,
				CE83F38E5B8EC2ED9CD8CBEA /* Pods_FT____iPad.framework in Frameworks */,
			);
			runOnlyForDeploymentPostprocessing = 0;
		};
		60BD9C331ED3BD1F00CFAD3C /* Frameworks */ = {
			isa = PBXFrameworksBuildPhase;
			buildActionMask = 2147483647;
			files = (
				60BD9C381ED3BD1F00CFAD3C /* NotificationCenter.framework in Frameworks */,
			);
			runOnlyForDeploymentPostprocessing = 0;
		};
/* End PBXFrameworksBuildPhase section */

/* Begin PBXGroup section */
		0C856F6A7A0F75F9FBE233C7 /* Pods */ = {
			isa = PBXGroup;
			children = (
				976359DE7C996269A56DA9C6 /* Pods-FT中文网.debug.xcconfig */,
				F23BDF4DA58F76843F7DFE97 /* Pods-FT中文网.release.xcconfig */,
				B1B0C223055A04C366CDF337 /* Pods-FT中文网-iPad.debug.xcconfig */,
				244FCD22C95076D181258B54 /* Pods-FT中文网-iPad.release.xcconfig */,
			);
			name = Pods;
			sourceTree = "<group>";
		};
		501F90161E3C72EB009EA5DD /* Frameworks */ = {
			isa = PBXGroup;
			children = (
				604056BC1E9DFA36008A7701 /* UserNotifications.framework */,
				605C58FF1E8DF0EC00174DF3 /* CFNetwork.framework */,
				605C58FD1E8DF0B800174DF3 /* Security.framework */,
				50B49B931E7D15BB00E53C0C /* MediaPlayer.framework */,
				501F90171E3C72EB009EA5DD /* StoreKit.framework */,
				CF896B870CE411A5E6A3044D /* Pods_FT___.framework */,
				04063C10DFA84D4B9E2DB85F /* Pods_FT____iPad.framework */,
				60BD9C371ED3BD1F00CFAD3C /* NotificationCenter.framework */,
			);
			name = Frameworks;
			sourceTree = "<group>";
		};
		50256C901A4B9D0B005950B9 = {
			isa = PBXGroup;
			children = (
				50256C9B1A4B9D0B005950B9 /* FT中文网 */,
				5039A4B61C61FB170008F2AD /* AdSupport.framework */,
				5039A4AA1C61FAD40008F2AD /* GoogleConversionTrackingSDK-iOS-3.3.1 */,
				50E5E6F11BD8A21B00F4A33E /* CoreTelephony.framework */,
				50FC07E71A53A419006EE23F /* SystemConfiguration.framework */,
				50256CBE1A4BF7E4005950B9 /* WebKit.framework */,
				50256CC01A4BF7F4005950B9 /* UIKit.framework */,
				50FC07E31A53A2B3006EE23F /* CoreLocation.framework */,
				50C34C351BC664AE00C8A8CB /* Resources-iPad */,
				50FC07EB1A53A589006EE23F /* libsqlite3.dylib */,
				50FC07E91A53A44C006EE23F /* libz.dylib */,
				50FC07E51A53A33D006EE23F /* libc++.dylib */,
				50FC07DF1A539BF3006EE23F /* libWeChatSDK.a */,
				50FC07E01A539BF3006EE23F /* WXApi.h */,
				50FC07E11A539BF3006EE23F /* WXApiObject.h */,
				50256CB11A4B9D0B005950B9 /* FT AcademyTests */,
				60BD9C391ED3BD1F00CFAD3C /* FT今日焦点 */,
				50256C9A1A4B9D0B005950B9 /* Products */,
				50C34C361BC664AE00C8A8CB /* FT中文网HD.plist */,
				507C7E751DB0BCE800A8EF50 /* FT中文网 copy-Info.plist */,
				501F90161E3C72EB009EA5DD /* Frameworks */,
				0C856F6A7A0F75F9FBE233C7 /* Pods */,
			);
			sourceTree = "<group>";
		};
		50256C9A1A4B9D0B005950B9 /* Products */ = {
			isa = PBXGroup;
			children = (
				50256C991A4B9D0B005950B9 /* FT中文网.app */,
				50256CAE1A4B9D0B005950B9 /* FT中文网.xctest */,
				507C7E741DB0BCE800A8EF50 /* FT中文网-iPad.app */,
				60BD9C361ED3BD1F00CFAD3C /* FT今日焦点.appex */,
			);
			name = Products;
			sourceTree = "<group>";
		};
		50256C9B1A4B9D0B005950B9 /* FT中文网 */ = {
			isa = PBXGroup;
			children = (
				50256CA21A4B9D0B005950B9 /* Main.storyboard */,
				50256CA01A4B9D0B005950B9 /* ViewController.swift */,
				50256CC41A4C1916005950B9 /* WKWebPageController.swift */,
				50256C9E1A4B9D0B005950B9 /* AppDelegate.swift */,
				50256CC21A4BFAE7005950B9 /* Globals.swift */,
				50982C7D1BC7A7C800907575 /* IJReachability.swift */,
				50FCC9C01D34C1D300FC1892 /* User.swift */,
				604056B91E9C861C008A7701 /* LeakAvoider.swift */,
				50256CA71A4B9D0B005950B9 /* LaunchScreen.xib */,
				602647771E978E7E009D8398 /* Images.xcassets */,
				50B5D05D1DAF1E450052C954 /* FT中文网.entitlements */,
				60C2F5ED1EC5470300A30099 /* Ad */,
				60C2F5EC1EC442EA00A30099 /* GrowthHack */,
				6023B60B1E9F723000AF1F8F /* Share */,
				607480331E9B40DA009C0756 /* Audio */,
				601BF9941E94C1ED0032C467 /* Speech */,
				505A9F071E499B460079254F /* IAP */,
				60289D811EA4A869001B1135 /* FileManager */,
				50256C9C1A4B9D0B005950B9 /* Supporting Files */,
				50873CC91A503A870027955A /* FT Academy-Bridging-Header.h */,
			);
			name = "FT中文网";
			path = "FT Academy";
			sourceTree = "<group>";
		};
		50256C9C1A4B9D0B005950B9 /* Supporting Files */ = {
			isa = PBXGroup;
			children = (
				50A677261A4EBFBC002B347F /* index.html */,
				6026476E1E973A6E009D8398 /* indexBig5.html */,
				602647741E97804C009D8398 /* cover.jpg */,
				503435231DB9FDC200B2F686 /* sound.png */,
				503435241DB9FDC200B2F686 /* mute.png */,
				5005FB811D9D090800E2B3DC /* schedule.json */,
				50E577D61DB754880016A73F /* close.png */,
				50159E5C1BA05EBD00F22FFC /* ftcicon.jpg */,
				50256C9D1A4B9D0B005950B9 /* Info.plist */,
				50604A621A5552F1003803E6 /* webview.html */,
				606D05061EBC28DE00957DD5 /* benz.mp4 */,
			);
			name = "Supporting Files";
			sourceTree = "<group>";
		};
		50256CB11A4B9D0B005950B9 /* FT AcademyTests */ = {
			isa = PBXGroup;
			children = (
				50256CB41A4B9D0B005950B9 /* FT_AcademyTests.swift */,
				50256CB21A4B9D0B005950B9 /* Supporting Files */,
			);
			path = "FT AcademyTests";
			sourceTree = "<group>";
		};
		50256CB21A4B9D0B005950B9 /* Supporting Files */ = {
			isa = PBXGroup;
			children = (
				50256CB31A4B9D0B005950B9 /* Info.plist */,
			);
			name = "Supporting Files";
			sourceTree = "<group>";
		};
		5039A4AA1C61FAD40008F2AD /* GoogleConversionTrackingSDK-iOS-3.3.1 */ = {
			isa = PBXGroup;
			children = (
				5039A4AB1C61FAD40008F2AD /* ACTReporter.h */,
				5039A4AC1C61FAD40008F2AD /* Deprecated */,
				5039A4AE1C61FAD40008F2AD /* DoubleClick */,
				5039A4B01C61FAD40008F2AD /* libGoogleConversionTracking.a */,
				5039A4B11C61FAD40008F2AD /* README.txt */,
			);
			path = "GoogleConversionTrackingSDK-iOS-3.3.1";
			sourceTree = "<group>";
		};
		5039A4AC1C61FAD40008F2AD /* Deprecated */ = {
			isa = PBXGroup;
			children = (
				5039A4AD1C61FAD40008F2AD /* GoogleConversionPing.h */,
			);
			path = Deprecated;
			sourceTree = "<group>";
		};
		5039A4AE1C61FAD40008F2AD /* DoubleClick */ = {
			isa = PBXGroup;
			children = (
				5039A4AF1C61FAD40008F2AD /* DCTReporter.h */,
			);
			path = DoubleClick;
			sourceTree = "<group>";
		};
		505A9F071E499B460079254F /* IAP */ = {
			isa = PBXGroup;
			children = (
				501797F81E49699F00A2F2A9 /* FTCProducts.swift */,
				501797F41E49669400A2F2A9 /* IAPHelper.swift */,
			);
			name = IAP;
			sourceTree = "<group>";
		};
		50C34C351BC664AE00C8A8CB /* Resources-iPad */ = {
			isa = PBXGroup;
			children = (
				50C34C371BC664B300C8A8CB /* LaunchScreen.xib */,
			);
			name = "Resources-iPad";
			sourceTree = "<group>";
		};
		601BF9941E94C1ED0032C467 /* Speech */ = {
			isa = PBXGroup;
			children = (
				50D6A16F1E87B5D900E2EA8C /* PlaySpeech.swift */,
				60D26FDB1E8F58D80047C6AB /* SpeechSettings.swift */,
				602647711E976692009D8398 /* SpeechDefaultVoice.swift */,
			);
			name = Speech;
			sourceTree = "<group>";
		};
		6023B60B1E9F723000AF1F8F /* Share */ = {
			isa = PBXGroup;
			children = (
				6023B6081E9F714A00AF1F8F /* ShareHelper.swift */,
				50119E7C1DC873C6003667DE /* WeChatShare.swift */,
				50159E461B9B147500F22FFC /* DataForShare.swift */,
				50DF3E9E1D484B3C0054DDD2 /* ShareImageActivityProvider.swift */,
				50159E4A1B9B2ED900F22FFC /* OpenInSafari.swift */,
			);
			name = Share;
			sourceTree = "<group>";
		};
		60289D811EA4A869001B1135 /* FileManager */ = {
			isa = PBXGroup;
			children = (
				60289D7E1EA4A85F001B1135 /* FileManagerHelper.swift */,
			);
			name = FileManager;
			sourceTree = "<group>";
		};
		607480331E9B40DA009C0756 /* Audio */ = {
			isa = PBXGroup;
			children = (
				601BF9951E94C2230032C467 /* AudioPlayer.swift */,
				60289D821EA4A98B001B1135 /* AudioHelper.swift */,
				6074A4C21EA067E300230937 /* DownloadHelper.swift */,
				607480301E9B32F6009C0756 /* NowPlayingCenter.swift */,
			);
			name = Audio;
			sourceTree = "<group>";
		};
		60BD9C391ED3BD1F00CFAD3C /* FT今日焦点 */ = {
			isa = PBXGroup;
			children = (
				60BD9C471ED3C2B900CFAD3C /* FT今日焦点.entitlements */,
				60BD9C3A1ED3BD1F00CFAD3C /* TodayViewController.swift */,
				60BD9C3C1ED3BD1F00CFAD3C /* MainInterface.storyboard */,
				60BD9C3F1ED3BD1F00CFAD3C /* Info.plist */,
			);
			path = "FT今日焦点";
			sourceTree = "<group>";
		};
		60C2F5EC1EC442EA00A30099 /* GrowthHack */ = {
			isa = PBXGroup;
			children = (
				60C2F5E91EC42F3900A30099 /* HappyUser.swift */,
			);
			name = GrowthHack;
			sourceTree = "<group>";
		};
		60C2F5ED1EC5470300A30099 /* Ad */ = {
			isa = PBXGroup;
			children = (
				503435691DBDEC8200B2F686 /* AdSchedule.swift */,
			);
			name = Ad;
			sourceTree = "<group>";
		};
/* End PBXGroup section */

/* Begin PBXNativeTarget section */
		50256C981A4B9D0B005950B9 /* FT中文网 */ = {
			isa = PBXNativeTarget;
			buildConfigurationList = 50256CB81A4B9D0B005950B9 /* Build configuration list for PBXNativeTarget "FT中文网" */;
			buildPhases = (
				FBE7D6D07B818F27F0989802 /* [CP] Check Pods Manifest.lock */,
				50256C951A4B9D0B005950B9 /* Sources */,
				50256C961A4B9D0B005950B9 /* Frameworks */,
				50256C971A4B9D0B005950B9 /* Resources */,
				E53D8B75F9AF784689873A33 /* [CP] Embed Pods Frameworks */,
				73EE785BE1EDA45DBFC01C8B /* [CP] Copy Pods Resources */,
				60BD9C461ED3BD1F00CFAD3C /* Embed App Extensions */,
			);
			buildRules = (
			);
			dependencies = (
				60BD9C411ED3BD1F00CFAD3C /* PBXTargetDependency */,
			);
			name = "FT中文网";
			productName = "FT Academy";
			productReference = 50256C991A4B9D0B005950B9 /* FT中文网.app */;
			productType = "com.apple.product-type.application";
		};
		50256CAD1A4B9D0B005950B9 /* FT中文网Tests */ = {
			isa = PBXNativeTarget;
			buildConfigurationList = 50256CBB1A4B9D0B005950B9 /* Build configuration list for PBXNativeTarget "FT中文网Tests" */;
			buildPhases = (
				50256CAA1A4B9D0B005950B9 /* Sources */,
				50256CAB1A4B9D0B005950B9 /* Frameworks */,
				50256CAC1A4B9D0B005950B9 /* Resources */,
			);
			buildRules = (
			);
			dependencies = (
				50256CB01A4B9D0B005950B9 /* PBXTargetDependency */,
			);
			name = "FT中文网Tests";
			productName = "FT AcademyTests";
			productReference = 50256CAE1A4B9D0B005950B9 /* FT中文网.xctest */;
			productType = "com.apple.product-type.bundle.unit-test";
		};
		507C7E4B1DB0BCE800A8EF50 /* FT中文网-iPad */ = {
			isa = PBXNativeTarget;
			buildConfigurationList = 507C7E711DB0BCE800A8EF50 /* Build configuration list for PBXNativeTarget "FT中文网-iPad" */;
			buildPhases = (
				0DFF67271A97045F6EB26099 /* [CP] Check Pods Manifest.lock */,
				507C7E4C1DB0BCE800A8EF50 /* Sources */,
				507C7E591DB0BCE800A8EF50 /* Frameworks */,
				507C7E651DB0BCE800A8EF50 /* Resources */,
				B52338BFBE049593C10C7333 /* [CP] Embed Pods Frameworks */,
				78948BB24DEE9780FB2A92B5 /* [CP] Copy Pods Resources */,
			);
			buildRules = (
			);
			dependencies = (
			);
			name = "FT中文网-iPad";
			productName = "FT Academy";
			productReference = 507C7E741DB0BCE800A8EF50 /* FT中文网-iPad.app */;
			productType = "com.apple.product-type.application";
		};
		60BD9C351ED3BD1F00CFAD3C /* FT今日焦点 */ = {
			isa = PBXNativeTarget;
			buildConfigurationList = 60BD9C431ED3BD1F00CFAD3C /* Build configuration list for PBXNativeTarget "FT今日焦点" */;
			buildPhases = (
				60BD9C321ED3BD1F00CFAD3C /* Sources */,
				60BD9C331ED3BD1F00CFAD3C /* Frameworks */,
				60BD9C341ED3BD1F00CFAD3C /* Resources */,
			);
			buildRules = (
			);
			dependencies = (
			);
			name = "FT今日焦点";
			productName = "FT今日焦点";
			productReference = 60BD9C361ED3BD1F00CFAD3C /* FT今日焦点.appex */;
			productType = "com.apple.product-type.app-extension";
		};
/* End PBXNativeTarget section */

/* Begin PBXProject section */
		50256C911A4B9D0B005950B9 /* Project object */ = {
			isa = PBXProject;
			attributes = {
				CLASSPREFIX = com.ft;
				LastSwiftMigration = 0700;
				LastSwiftUpdateCheck = 0830;
				LastUpgradeCheck = 0800;
				ORGANIZATIONNAME = "Financial Times Ltd.";
				TargetAttributes = {
					50256C981A4B9D0B005950B9 = {
						CreatedOnToolsVersion = 6.1.1;
						DevelopmentTeam = CAEDT8EKGV;
						LastSwiftMigration = 0800;
						SystemCapabilities = {
							com.apple.ApplicationGroups.iOS = {
								enabled = 1;
							};
							com.apple.BackgroundModes = {
								enabled = 1;
							};
							com.apple.InAppPurchase = {
								enabled = 1;
							};
							com.apple.Push = {
								enabled = 1;
							};
						};
					};
					50256CAD1A4B9D0B005950B9 = {
						CreatedOnToolsVersion = 6.1.1;
						DevelopmentTeam = CAEDT8EKGV;
						LastSwiftMigration = 0800;
						TestTargetID = 50256C981A4B9D0B005950B9;
					};
					507C7E4B1DB0BCE800A8EF50 = {
						DevelopmentTeam = CAEDT8EKGV;
						SystemCapabilities = {
							com.apple.BackgroundModes = {
								enabled = 1;
							};
						};
					};
					60BD9C351ED3BD1F00CFAD3C = {
						CreatedOnToolsVersion = 8.3.1;
						DevelopmentTeam = CAEDT8EKGV;
						ProvisioningStyle = Automatic;
						SystemCapabilities = {
							com.apple.ApplicationGroups.iOS = {
								enabled = 1;
							};
						};
					};
				};
			};
			buildConfigurationList = 50256C941A4B9D0B005950B9 /* Build configuration list for PBXProject "FT中文网" */;
			compatibilityVersion = "Xcode 3.2";
			developmentRegion = English;
			hasScannedForEncodings = 0;
			knownRegions = (
				en,
				Base,
			);
			mainGroup = 50256C901A4B9D0B005950B9;
			productRefGroup = 50256C9A1A4B9D0B005950B9 /* Products */;
			projectDirPath = "";
			projectRoot = "";
			targets = (
				50256C981A4B9D0B005950B9 /* FT中文网 */,
				507C7E4B1DB0BCE800A8EF50 /* FT中文网-iPad */,
				50256CAD1A4B9D0B005950B9 /* FT中文网Tests */,
				60BD9C351ED3BD1F00CFAD3C /* FT今日焦点 */,
			);
		};
/* End PBXProject section */

/* Begin PBXResourcesBuildPhase section */
		50256C971A4B9D0B005950B9 /* Resources */ = {
			isa = PBXResourcesBuildPhase;
			buildActionMask = 2147483647;
			files = (
				6026476F1E973A6E009D8398 /* indexBig5.html in Resources */,
				50E577D71DB754880016A73F /* close.png in Resources */,
				50256CA41A4B9D0B005950B9 /* Main.storyboard in Resources */,
				602647781E978E7E009D8398 /* Images.xcassets in Resources */,
				50604A631A5552F2003803E6 /* webview.html in Resources */,
				50A677271A4EBFBC002B347F /* index.html in Resources */,
				50256CA91A4B9D0B005950B9 /* LaunchScreen.xib in Resources */,
				50159E5D1BA05EBD00F22FFC /* ftcicon.jpg in Resources */,
				5039A4B41C61FAD40008F2AD /* README.txt in Resources */,
				503435271DB9FDC200B2F686 /* mute.png in Resources */,
				503435251DB9FDC200B2F686 /* sound.png in Resources */,
				5005FB821D9D090800E2B3DC /* schedule.json in Resources */,
				606D05071EBC28DE00957DD5 /* benz.mp4 in Resources */,
				602647751E97804C009D8398 /* cover.jpg in Resources */,
			);
			runOnlyForDeploymentPostprocessing = 0;
		};
		50256CAC1A4B9D0B005950B9 /* Resources */ = {
			isa = PBXResourcesBuildPhase;
			buildActionMask = 2147483647;
			files = (
			);
			runOnlyForDeploymentPostprocessing = 0;
		};
		507C7E651DB0BCE800A8EF50 /* Resources */ = {
			isa = PBXResourcesBuildPhase;
			buildActionMask = 2147483647;
			files = (
				602647701E973A6E009D8398 /* indexBig5.html in Resources */,
				507C7E661DB0BCE800A8EF50 /* Main.storyboard in Resources */,
				507C7E671DB0BCE800A8EF50 /* webview.html in Resources */,
				602647761E97804C009D8398 /* cover.jpg in Resources */,
				507C7E681DB0BCE800A8EF50 /* index.html in Resources */,
				503435261DB9FDC200B2F686 /* sound.png in Resources */,
				5002EC5B1DD2B3D1009FB500 /* LaunchScreen.xib in Resources */,
				507C7E6C1DB0BCE800A8EF50 /* ftcicon.jpg in Resources */,
				507C7E6E1DB0BCE800A8EF50 /* README.txt in Resources */,
				602647791E978E7E009D8398 /* Images.xcassets in Resources */,
				503435281DB9FDC200B2F686 /* mute.png in Resources */,
				507C7E761DB0BCF100A8EF50 /* LaunchScreen.xib in Resources */,
				507C7E701DB0BCE800A8EF50 /* schedule.json in Resources */,
				50E577D81DB754880016A73F /* close.png in Resources */,
			);
			runOnlyForDeploymentPostprocessing = 0;
		};
		60BD9C341ED3BD1F00CFAD3C /* Resources */ = {
			isa = PBXResourcesBuildPhase;
			buildActionMask = 2147483647;
			files = (
				60BD9C3E1ED3BD1F00CFAD3C /* MainInterface.storyboard in Resources */,
			);
			runOnlyForDeploymentPostprocessing = 0;
		};
/* End PBXResourcesBuildPhase section */

/* Begin PBXShellScriptBuildPhase section */
		0DFF67271A97045F6EB26099 /* [CP] Check Pods Manifest.lock */ = {
			isa = PBXShellScriptBuildPhase;
			buildActionMask = 2147483647;
			files = (
			);
			inputPaths = (
			);
			name = "[CP] Check Pods Manifest.lock";
			outputPaths = (
			);
			runOnlyForDeploymentPostprocessing = 0;
			shellPath = /bin/sh;
			shellScript = "diff \"${PODS_PODFILE_DIR_PATH}/Podfile.lock\" \"${PODS_ROOT}/Manifest.lock\" > /dev/null\nif [ $? != 0 ] ; then\n    # print error to STDERR\n    echo \"error: The sandbox is not in sync with the Podfile.lock. Run 'pod install' or update your CocoaPods installation.\" >&2\n    exit 1\nfi\n";
			showEnvVarsInLog = 0;
		};
		73EE785BE1EDA45DBFC01C8B /* [CP] Copy Pods Resources */ = {
			isa = PBXShellScriptBuildPhase;
			buildActionMask = 2147483647;
			files = (
			);
			inputPaths = (
			);
			name = "[CP] Copy Pods Resources";
			outputPaths = (
			);
			runOnlyForDeploymentPostprocessing = 0;
			shellPath = /bin/sh;
			shellScript = "\"${SRCROOT}/Pods/Target Support Files/Pods-FT中文网/Pods-FT中文网-resources.sh\"\n";
			showEnvVarsInLog = 0;
		};
		78948BB24DEE9780FB2A92B5 /* [CP] Copy Pods Resources */ = {
			isa = PBXShellScriptBuildPhase;
			buildActionMask = 2147483647;
			files = (
			);
			inputPaths = (
			);
			name = "[CP] Copy Pods Resources";
			outputPaths = (
			);
			runOnlyForDeploymentPostprocessing = 0;
			shellPath = /bin/sh;
			shellScript = "\"${SRCROOT}/Pods/Target Support Files/Pods-FT中文网-iPad/Pods-FT中文网-iPad-resources.sh\"\n";
			showEnvVarsInLog = 0;
		};
		B52338BFBE049593C10C7333 /* [CP] Embed Pods Frameworks */ = {
			isa = PBXShellScriptBuildPhase;
			buildActionMask = 2147483647;
			files = (
			);
			inputPaths = (
			);
			name = "[CP] Embed Pods Frameworks";
			outputPaths = (
			);
			runOnlyForDeploymentPostprocessing = 0;
			shellPath = /bin/sh;
			shellScript = "\"${SRCROOT}/Pods/Target Support Files/Pods-FT中文网-iPad/Pods-FT中文网-iPad-frameworks.sh\"\n";
			showEnvVarsInLog = 0;
		};
		E53D8B75F9AF784689873A33 /* [CP] Embed Pods Frameworks */ = {
			isa = PBXShellScriptBuildPhase;
			buildActionMask = 2147483647;
			files = (
			);
			inputPaths = (
			);
			name = "[CP] Embed Pods Frameworks";
			outputPaths = (
			);
			runOnlyForDeploymentPostprocessing = 0;
			shellPath = /bin/sh;
			shellScript = "\"${SRCROOT}/Pods/Target Support Files/Pods-FT中文网/Pods-FT中文网-frameworks.sh\"\n";
			showEnvVarsInLog = 0;
		};
		FBE7D6D07B818F27F0989802 /* [CP] Check Pods Manifest.lock */ = {
			isa = PBXShellScriptBuildPhase;
			buildActionMask = 2147483647;
			files = (
			);
			inputPaths = (
			);
			name = "[CP] Check Pods Manifest.lock";
			outputPaths = (
			);
			runOnlyForDeploymentPostprocessing = 0;
			shellPath = /bin/sh;
			shellScript = "diff \"${PODS_PODFILE_DIR_PATH}/Podfile.lock\" \"${PODS_ROOT}/Manifest.lock\" > /dev/null\nif [ $? != 0 ] ; then\n    # print error to STDERR\n    echo \"error: The sandbox is not in sync with the Podfile.lock. Run 'pod install' or update your CocoaPods installation.\" >&2\n    exit 1\nfi\n";
			showEnvVarsInLog = 0;
		};
/* End PBXShellScriptBuildPhase section */

/* Begin PBXSourcesBuildPhase section */
		50256C951A4B9D0B005950B9 /* Sources */ = {
			isa = PBXSourcesBuildPhase;
			buildActionMask = 2147483647;
			files = (
				60D26FDC1E8F58D80047C6AB /* SpeechSettings.swift in Sources */,
				60C2F5EA1EC42F3900A30099 /* HappyUser.swift in Sources */,
				50119E7D1DC873C6003667DE /* WeChatShare.swift in Sources */,
				501797F51E49669400A2F2A9 /* IAPHelper.swift in Sources */,
				6023B6091E9F714A00AF1F8F /* ShareHelper.swift in Sources */,
				50256CC31A4BFAE7005950B9 /* Globals.swift in Sources */,
				50256CC51A4C1916005950B9 /* WKWebPageController.swift in Sources */,
				604056BA1E9C861C008A7701 /* LeakAvoider.swift in Sources */,
				5034356A1DBDEC8300B2F686 /* AdSchedule.swift in Sources */,
				501797F91E49699F00A2F2A9 /* FTCProducts.swift in Sources */,
				50159E4B1B9B2ED900F22FFC /* OpenInSafari.swift in Sources */,
				50DF3E9F1D484B3C0054DDD2 /* ShareImageActivityProvider.swift in Sources */,
				50256CA11A4B9D0B005950B9 /* ViewController.swift in Sources */,
				50D6A1701E87B5D900E2EA8C /* PlaySpeech.swift in Sources */,
				6074A4C31EA067E300230937 /* DownloadHelper.swift in Sources */,
				601BF9961E94C2230032C467 /* AudioPlayer.swift in Sources */,
				607480311E9B32F6009C0756 /* NowPlayingCenter.swift in Sources */,
				60289D831EA4A98B001B1135 /* AudioHelper.swift in Sources */,
				50982C7F1BC7A7C800907575 /* IJReachability.swift in Sources */,
				50159E471B9B147500F22FFC /* DataForShare.swift in Sources */,
				602647721E976692009D8398 /* SpeechDefaultVoice.swift in Sources */,
				50256C9F1A4B9D0B005950B9 /* AppDelegate.swift in Sources */,
				50FCC9C11D34C1D300FC1892 /* User.swift in Sources */,
				60289D7F1EA4A85F001B1135 /* FileManagerHelper.swift in Sources */,
			);
			runOnlyForDeploymentPostprocessing = 0;
		};
		50256CAA1A4B9D0B005950B9 /* Sources */ = {
			isa = PBXSourcesBuildPhase;
			buildActionMask = 2147483647;
			files = (
				50256CB51A4B9D0B005950B9 /* FT_AcademyTests.swift in Sources */,
				50982C801BC7A7C800907575 /* IJReachability.swift in Sources */,
				50FCC9C31D34C1D300FC1892 /* User.swift in Sources */,
			);
			runOnlyForDeploymentPostprocessing = 0;
		};
		507C7E4C1DB0BCE800A8EF50 /* Sources */ = {
			isa = PBXSourcesBuildPhase;
			buildActionMask = 2147483647;
			files = (
				60D26FDD1E8F58D80047C6AB /* SpeechSettings.swift in Sources */,
				60C2F5EB1EC42F3900A30099 /* HappyUser.swift in Sources */,
				50119E7E1DC873C6003667DE /* WeChatShare.swift in Sources */,
				507C7E4D1DB0BCE800A8EF50 /* Globals.swift in Sources */,
				6023B60A1E9F714A00AF1F8F /* ShareHelper.swift in Sources */,
				507C7E4F1DB0BCE800A8EF50 /* WKWebPageController.swift in Sources */,
				5034356B1DBDEC8300B2F686 /* AdSchedule.swift in Sources */,
				604056BB1E9C861C008A7701 /* LeakAvoider.swift in Sources */,
				501797FC1E49711A00A2F2A9 /* FTCProducts.swift in Sources */,
				501797FA1E49711300A2F2A9 /* IAPHelper.swift in Sources */,
				507C7E511DB0BCE800A8EF50 /* OpenInSafari.swift in Sources */,
				507C7E521DB0BCE800A8EF50 /* ShareImageActivityProvider.swift in Sources */,
				507C7E531DB0BCE800A8EF50 /* ViewController.swift in Sources */,
				50D6A1711E87B5D900E2EA8C /* PlaySpeech.swift in Sources */,
				6074A4C41EA067E300230937 /* DownloadHelper.swift in Sources */,
				601BF9971E94C2230032C467 /* AudioPlayer.swift in Sources */,
				607480321E9B32F6009C0756 /* NowPlayingCenter.swift in Sources */,
				60289D841EA4A98B001B1135 /* AudioHelper.swift in Sources */,
				507C7E541DB0BCE800A8EF50 /* IJReachability.swift in Sources */,
				507C7E551DB0BCE800A8EF50 /* DataForShare.swift in Sources */,
				602647731E976692009D8398 /* SpeechDefaultVoice.swift in Sources */,
				507C7E561DB0BCE800A8EF50 /* AppDelegate.swift in Sources */,
				507C7E581DB0BCE800A8EF50 /* User.swift in Sources */,
				60289D801EA4A85F001B1135 /* FileManagerHelper.swift in Sources */,
			);
			runOnlyForDeploymentPostprocessing = 0;
		};
		60BD9C321ED3BD1F00CFAD3C /* Sources */ = {
			isa = PBXSourcesBuildPhase;
			buildActionMask = 2147483647;
			files = (
				60BD9C3B1ED3BD1F00CFAD3C /* TodayViewController.swift in Sources */,
			);
			runOnlyForDeploymentPostprocessing = 0;
		};
/* End PBXSourcesBuildPhase section */

/* Begin PBXTargetDependency section */
		50256CB01A4B9D0B005950B9 /* PBXTargetDependency */ = {
			isa = PBXTargetDependency;
			target = 50256C981A4B9D0B005950B9 /* FT中文网 */;
			targetProxy = 50256CAF1A4B9D0B005950B9 /* PBXContainerItemProxy */;
		};
		60BD9C411ED3BD1F00CFAD3C /* PBXTargetDependency */ = {
			isa = PBXTargetDependency;
			target = 60BD9C351ED3BD1F00CFAD3C /* FT今日焦点 */;
			targetProxy = 60BD9C401ED3BD1F00CFAD3C /* PBXContainerItemProxy */;
		};
/* End PBXTargetDependency section */

/* Begin PBXVariantGroup section */
		50256CA21A4B9D0B005950B9 /* Main.storyboard */ = {
			isa = PBXVariantGroup;
			children = (
				50256CA31A4B9D0B005950B9 /* Base */,
			);
			name = Main.storyboard;
			sourceTree = "<group>";
		};
		50256CA71A4B9D0B005950B9 /* LaunchScreen.xib */ = {
			isa = PBXVariantGroup;
			children = (
				50256CA81A4B9D0B005950B9 /* Base */,
			);
			name = LaunchScreen.xib;
			sourceTree = "<group>";
		};
		50C34C371BC664B300C8A8CB /* LaunchScreen.xib */ = {
			isa = PBXVariantGroup;
			children = (
				50C34C381BC664B300C8A8CB /* Base */,
			);
			name = LaunchScreen.xib;
			sourceTree = "<group>";
		};
		60BD9C3C1ED3BD1F00CFAD3C /* MainInterface.storyboard */ = {
			isa = PBXVariantGroup;
			children = (
				60BD9C3D1ED3BD1F00CFAD3C /* Base */,
			);
			name = MainInterface.storyboard;
			sourceTree = "<group>";
		};
/* End PBXVariantGroup section */

/* Begin XCBuildConfiguration section */
		50256CB61A4B9D0B005950B9 /* Debug */ = {
			isa = XCBuildConfiguration;
			buildSettings = {
				ALWAYS_SEARCH_USER_PATHS = NO;
				CLANG_CXX_LANGUAGE_STANDARD = "gnu++0x";
				CLANG_CXX_LIBRARY = "libc++";
				CLANG_ENABLE_MODULES = YES;
				CLANG_ENABLE_OBJC_ARC = YES;
				CLANG_WARN_BOOL_CONVERSION = YES;
				CLANG_WARN_CONSTANT_CONVERSION = YES;
				CLANG_WARN_DIRECT_OBJC_ISA_USAGE = YES_ERROR;
				CLANG_WARN_EMPTY_BODY = YES;
				CLANG_WARN_ENUM_CONVERSION = YES;
				CLANG_WARN_INFINITE_RECURSION = YES;
				CLANG_WARN_INT_CONVERSION = YES;
				CLANG_WARN_OBJC_ROOT_CLASS = YES_ERROR;
				CLANG_WARN_SUSPICIOUS_MOVE = YES;
				CLANG_WARN_UNREACHABLE_CODE = YES;
				CLANG_WARN__DUPLICATE_METHOD_MATCH = YES;
				"CODE_SIGN_IDENTITY[sdk=iphoneos*]" = "iPhone Developer";
				COPY_PHASE_STRIP = NO;
				ENABLE_BITCODE = NO;
				ENABLE_STRICT_OBJC_MSGSEND = YES;
				ENABLE_TESTABILITY = YES;
				GCC_C_LANGUAGE_STANDARD = gnu99;
				GCC_DYNAMIC_NO_PIC = NO;
				GCC_NO_COMMON_BLOCKS = YES;
				GCC_OPTIMIZATION_LEVEL = 0;
				GCC_PREPROCESSOR_DEFINITIONS = (
					"DEBUG=1",
					"$(inherited)",
				);
				GCC_SYMBOLS_PRIVATE_EXTERN = NO;
				GCC_WARN_64_TO_32_BIT_CONVERSION = YES;
				GCC_WARN_ABOUT_RETURN_TYPE = YES_ERROR;
				GCC_WARN_UNDECLARED_SELECTOR = YES;
				GCC_WARN_UNINITIALIZED_AUTOS = YES_AGGRESSIVE;
				GCC_WARN_UNUSED_FUNCTION = YES;
				GCC_WARN_UNUSED_VARIABLE = YES;
				IPHONEOS_DEPLOYMENT_TARGET = 8.0;
				MTL_ENABLE_DEBUG_INFO = YES;
				ONLY_ACTIVE_ARCH = YES;
				SDKROOT = iphoneos;
				SWIFT_OPTIMIZATION_LEVEL = "-Onone";
				TARGETED_DEVICE_FAMILY = "1,2";
			};
			name = Debug;
		};
		50256CB71A4B9D0B005950B9 /* Release */ = {
			isa = XCBuildConfiguration;
			buildSettings = {
				ALWAYS_SEARCH_USER_PATHS = NO;
				CLANG_CXX_LANGUAGE_STANDARD = "gnu++0x";
				CLANG_CXX_LIBRARY = "libc++";
				CLANG_ENABLE_MODULES = YES;
				CLANG_ENABLE_OBJC_ARC = YES;
				CLANG_WARN_BOOL_CONVERSION = YES;
				CLANG_WARN_CONSTANT_CONVERSION = YES;
				CLANG_WARN_DIRECT_OBJC_ISA_USAGE = YES_ERROR;
				CLANG_WARN_EMPTY_BODY = YES;
				CLANG_WARN_ENUM_CONVERSION = YES;
				CLANG_WARN_INFINITE_RECURSION = YES;
				CLANG_WARN_INT_CONVERSION = YES;
				CLANG_WARN_OBJC_ROOT_CLASS = YES_ERROR;
				CLANG_WARN_SUSPICIOUS_MOVE = YES;
				CLANG_WARN_UNREACHABLE_CODE = YES;
				CLANG_WARN__DUPLICATE_METHOD_MATCH = YES;
				"CODE_SIGN_IDENTITY[sdk=iphoneos*]" = "iPhone Developer";
				COPY_PHASE_STRIP = YES;
				ENABLE_BITCODE = NO;
				ENABLE_NS_ASSERTIONS = NO;
				ENABLE_STRICT_OBJC_MSGSEND = YES;
				GCC_C_LANGUAGE_STANDARD = gnu99;
				GCC_NO_COMMON_BLOCKS = YES;
				GCC_WARN_64_TO_32_BIT_CONVERSION = YES;
				GCC_WARN_ABOUT_RETURN_TYPE = YES_ERROR;
				GCC_WARN_UNDECLARED_SELECTOR = YES;
				GCC_WARN_UNINITIALIZED_AUTOS = YES_AGGRESSIVE;
				GCC_WARN_UNUSED_FUNCTION = YES;
				GCC_WARN_UNUSED_VARIABLE = YES;
				IPHONEOS_DEPLOYMENT_TARGET = 8.0;
				MTL_ENABLE_DEBUG_INFO = NO;
				SDKROOT = iphoneos;
				SWIFT_OPTIMIZATION_LEVEL = "-Owholemodule";
				TARGETED_DEVICE_FAMILY = "1,2";
				VALIDATE_PRODUCT = YES;
			};
			name = Release;
		};
		50256CB91A4B9D0B005950B9 /* Debug */ = {
			isa = XCBuildConfiguration;
			baseConfigurationReference = 976359DE7C996269A56DA9C6 /* Pods-FT中文网.debug.xcconfig */;
			buildSettings = {
				ALWAYS_EMBED_SWIFT_STANDARD_LIBRARIES = YES;
				ASSETCATALOG_COMPILER_APPICON_NAME = AppIcon;
				CLANG_ENABLE_MODULES = YES;
				CODE_SIGN_ENTITLEMENTS = "FT中文网.entitlements";
				CODE_SIGN_IDENTITY = "iPhone Developer";
				"CODE_SIGN_IDENTITY[sdk=iphoneos*]" = "iPhone Developer";
				DEVELOPMENT_TEAM = CAEDT8EKGV;
				ENABLE_BITCODE = NO;
				FRAMEWORK_SEARCH_PATHS = "$(inherited)";
				INFOPLIST_FILE = "FT Academy/Info.plist";
				IPHONEOS_DEPLOYMENT_TARGET = 8.0;
				LD_RUNPATH_SEARCH_PATHS = "$(inherited) @executable_path/Frameworks";
				LIBRARY_SEARCH_PATHS = (
					"$(PROJECT_DIR)",
					"$(PROJECT_DIR)/GoogleConversionTrackingSDK-iOS-3.3.1",
				);
				"OTHER_LDFLAGS[arch=*]" = "-ObjC";
				PRODUCT_BUNDLE_IDENTIFIER = com.ft.ftchinese.mobile;
				PRODUCT_NAME = "FT中文网";
				PROVISIONING_PROFILE = "";
				SWIFT_OBJC_BRIDGING_HEADER = "FT Academy/FT Academy-Bridging-Header.h";
				SWIFT_OPTIMIZATION_LEVEL = "-Onone";
				SWIFT_VERSION = 3.0;
				TARGETED_DEVICE_FAMILY = "1,2";
				VALID_ARCHS = "arm64 armv7 armv7s";
			};
			name = Debug;
		};
		50256CBA1A4B9D0B005950B9 /* Release */ = {
			isa = XCBuildConfiguration;
			baseConfigurationReference = F23BDF4DA58F76843F7DFE97 /* Pods-FT中文网.release.xcconfig */;
			buildSettings = {
				ALWAYS_EMBED_SWIFT_STANDARD_LIBRARIES = YES;
				ASSETCATALOG_COMPILER_APPICON_NAME = AppIcon;
				CLANG_ENABLE_MODULES = YES;
				CODE_SIGN_ENTITLEMENTS = "FT中文网.entitlements";
				CODE_SIGN_IDENTITY = "iPhone Developer";
				"CODE_SIGN_IDENTITY[sdk=iphoneos*]" = "iPhone Developer";
				DEVELOPMENT_TEAM = CAEDT8EKGV;
				ENABLE_BITCODE = NO;
				FRAMEWORK_SEARCH_PATHS = "$(inherited)";
				INFOPLIST_FILE = "FT Academy/Info.plist";
				IPHONEOS_DEPLOYMENT_TARGET = 8.0;
				LD_RUNPATH_SEARCH_PATHS = "$(inherited) @executable_path/Frameworks";
				LIBRARY_SEARCH_PATHS = (
					"$(PROJECT_DIR)",
					"$(PROJECT_DIR)/GoogleConversionTrackingSDK-iOS-3.3.1",
				);
				"OTHER_LDFLAGS[arch=*]" = "-ObjC";
				PRODUCT_BUNDLE_IDENTIFIER = com.ft.ftchinese.mobile;
				PRODUCT_NAME = "FT中文网";
				PROVISIONING_PROFILE = "";
				SWIFT_OBJC_BRIDGING_HEADER = "FT Academy/FT Academy-Bridging-Header.h";
				SWIFT_VERSION = 3.0;
				TARGETED_DEVICE_FAMILY = "1,2";
				VALID_ARCHS = "arm64 armv7 armv7s";
			};
			name = Release;
		};
		50256CBC1A4B9D0B005950B9 /* Debug */ = {
			isa = XCBuildConfiguration;
			buildSettings = {
				BUNDLE_LOADER = "$(TEST_HOST)";
				DEVELOPMENT_TEAM = CAEDT8EKGV;
				FRAMEWORK_SEARCH_PATHS = "";
				GCC_PREPROCESSOR_DEFINITIONS = (
					"DEBUG=1",
					"$(inherited)",
				);
				INFOPLIST_FILE = "FT AcademyTests/Info.plist";
				LD_RUNPATH_SEARCH_PATHS = "$(inherited) @executable_path/Frameworks @loader_path/Frameworks";
				PRODUCT_BUNDLE_IDENTIFIER = "com.oli.$(PRODUCT_NAME:rfc1034identifier)";
				PRODUCT_NAME = "FT中文网";
				SWIFT_VERSION = 3.0;
				TEST_HOST = "$(BUILT_PRODUCTS_DIR)/FT中文网.app/FT中文网";
			};
			name = Debug;
		};
		50256CBD1A4B9D0B005950B9 /* Release */ = {
			isa = XCBuildConfiguration;
			buildSettings = {
				BUNDLE_LOADER = "$(TEST_HOST)";
				DEVELOPMENT_TEAM = CAEDT8EKGV;
				FRAMEWORK_SEARCH_PATHS = "";
				INFOPLIST_FILE = "FT AcademyTests/Info.plist";
				LD_RUNPATH_SEARCH_PATHS = "$(inherited) @executable_path/Frameworks @loader_path/Frameworks";
				PRODUCT_BUNDLE_IDENTIFIER = "com.oli.$(PRODUCT_NAME:rfc1034identifier)";
				PRODUCT_NAME = "FT中文网";
				SWIFT_VERSION = 3.0;
				TEST_HOST = "$(BUILT_PRODUCTS_DIR)/FT中文网.app/FT中文网";
			};
			name = Release;
		};
		507C7E721DB0BCE800A8EF50 /* Debug */ = {
			isa = XCBuildConfiguration;
			baseConfigurationReference = B1B0C223055A04C366CDF337 /* Pods-FT中文网-iPad.debug.xcconfig */;
			buildSettings = {
				ASSETCATALOG_COMPILER_APPICON_NAME = AppIcon;
				CLANG_ENABLE_MODULES = YES;
				CODE_SIGN_ENTITLEMENTS = "FT中文网.entitlements";
				CODE_SIGN_IDENTITY = "iPhone Developer";
				"CODE_SIGN_IDENTITY[sdk=iphoneos*]" = "iPhone Developer";
				DEVELOPMENT_TEAM = CAEDT8EKGV;
				ENABLE_BITCODE = NO;
				FRAMEWORK_SEARCH_PATHS = "$(inherited)";
				INFOPLIST_FILE = "FT中文网 copy-Info.plist";
				IPHONEOS_DEPLOYMENT_TARGET = 8.0;
				LD_RUNPATH_SEARCH_PATHS = "$(inherited) @executable_path/Frameworks";
				LIBRARY_SEARCH_PATHS = (
					"$(PROJECT_DIR)",
					"$(PROJECT_DIR)/GoogleConversionTrackingSDK-iOS-3.3.1",
				);
				"OTHER_LDFLAGS[arch=*]" = "-ObjC";
				PRODUCT_BUNDLE_IDENTIFIER = com.ft.ftchinese.ipad;
				PRODUCT_NAME = "FT中文网-iPad";
				PROVISIONING_PROFILE = "";
				SWIFT_OBJC_BRIDGING_HEADER = "FT Academy/FT Academy-Bridging-Header.h";
				SWIFT_OPTIMIZATION_LEVEL = "-Onone";
				SWIFT_VERSION = 3.0;
				TARGETED_DEVICE_FAMILY = 2;
				VALID_ARCHS = "arm64 armv7 armv7s";
			};
			name = Debug;
		};
		507C7E731DB0BCE800A8EF50 /* Release */ = {
			isa = XCBuildConfiguration;
			baseConfigurationReference = 244FCD22C95076D181258B54 /* Pods-FT中文网-iPad.release.xcconfig */;
			buildSettings = {
				ASSETCATALOG_COMPILER_APPICON_NAME = AppIcon;
				CLANG_ENABLE_MODULES = YES;
				CODE_SIGN_ENTITLEMENTS = "FT中文网.entitlements";
				CODE_SIGN_IDENTITY = "iPhone Developer";
				"CODE_SIGN_IDENTITY[sdk=iphoneos*]" = "iPhone Developer";
				DEVELOPMENT_TEAM = CAEDT8EKGV;
				ENABLE_BITCODE = NO;
				FRAMEWORK_SEARCH_PATHS = "$(inherited)";
				INFOPLIST_FILE = "FT中文网 copy-Info.plist";
				IPHONEOS_DEPLOYMENT_TARGET = 8.0;
				LD_RUNPATH_SEARCH_PATHS = "$(inherited) @executable_path/Frameworks";
				LIBRARY_SEARCH_PATHS = (
					"$(PROJECT_DIR)",
					"$(PROJECT_DIR)/GoogleConversionTrackingSDK-iOS-3.3.1",
				);
				"OTHER_LDFLAGS[arch=*]" = "-ObjC";
				PRODUCT_BUNDLE_IDENTIFIER = com.ft.ftchinese.ipad;
				PRODUCT_NAME = "FT中文网-iPad";
				PROVISIONING_PROFILE = "";
				SWIFT_OBJC_BRIDGING_HEADER = "FT Academy/FT Academy-Bridging-Header.h";
				SWIFT_VERSION = 3.0;
				TARGETED_DEVICE_FAMILY = 2;
				VALID_ARCHS = "arm64 armv7 armv7s";
			};
			name = Release;
		};
		60BD9C441ED3BD1F00CFAD3C /* Debug */ = {
			isa = XCBuildConfiguration;
			buildSettings = {
				CLANG_ANALYZER_NONNULL = YES;
				CLANG_ANALYZER_NUMBER_OBJECT_CONVERSION = YES_AGGRESSIVE;
				CLANG_WARN_DOCUMENTATION_COMMENTS = YES;
				CODE_SIGN_ENTITLEMENTS = "FT今日焦点/FT今日焦点.entitlements";
				CODE_SIGN_IDENTITY = "iPhone Developer";
				"CODE_SIGN_IDENTITY[sdk=iphoneos*]" = "iPhone Developer";
				DEBUG_INFORMATION_FORMAT = dwarf;
				DEVELOPMENT_TEAM = CAEDT8EKGV;
				INFOPLIST_FILE = "FT今日焦点/Info.plist";
				IPHONEOS_DEPLOYMENT_TARGET = 10.3;
				LD_RUNPATH_SEARCH_PATHS = "$(inherited) @executable_path/Frameworks @executable_path/../../Frameworks";
				PRODUCT_BUNDLE_IDENTIFIER = "com.ft.ftchinese.mobile.FT----";
				PRODUCT_NAME = "$(TARGET_NAME)";
				SKIP_INSTALL = YES;
				SWIFT_ACTIVE_COMPILATION_CONDITIONS = DEBUG;
				SWIFT_VERSION = 3.0;
			};
			name = Debug;
		};
		60BD9C451ED3BD1F00CFAD3C /* Release */ = {
			isa = XCBuildConfiguration;
			buildSettings = {
				CLANG_ANALYZER_NONNULL = YES;
				CLANG_ANALYZER_NUMBER_OBJECT_CONVERSION = YES_AGGRESSIVE;
				CLANG_WARN_DOCUMENTATION_COMMENTS = YES;
				CODE_SIGN_ENTITLEMENTS = "FT今日焦点/FT今日焦点.entitlements";
				CODE_SIGN_IDENTITY = "iPhone Developer";
				"CODE_SIGN_IDENTITY[sdk=iphoneos*]" = "iPhone Developer";
				COPY_PHASE_STRIP = NO;
				DEBUG_INFORMATION_FORMAT = "dwarf-with-dsym";
				DEVELOPMENT_TEAM = CAEDT8EKGV;
				INFOPLIST_FILE = "FT今日焦点/Info.plist";
				IPHONEOS_DEPLOYMENT_TARGET = 10.3;
				LD_RUNPATH_SEARCH_PATHS = "$(inherited) @executable_path/Frameworks @executable_path/../../Frameworks";
				PRODUCT_BUNDLE_IDENTIFIER = "com.ft.ftchinese.mobile.FT----";
				PRODUCT_NAME = "$(TARGET_NAME)";
				SKIP_INSTALL = YES;
				SWIFT_VERSION = 3.0;
			};
			name = Release;
		};
/* End XCBuildConfiguration section */

/* Begin XCConfigurationList section */
		50256C941A4B9D0B005950B9 /* Build configuration list for PBXProject "FT中文网" */ = {
			isa = XCConfigurationList;
			buildConfigurations = (
				50256CB61A4B9D0B005950B9 /* Debug */,
				50256CB71A4B9D0B005950B9 /* Release */,
			);
			defaultConfigurationIsVisible = 0;
			defaultConfigurationName = Release;
		};
		50256CB81A4B9D0B005950B9 /* Build configuration list for PBXNativeTarget "FT中文网" */ = {
			isa = XCConfigurationList;
			buildConfigurations = (
				50256CB91A4B9D0B005950B9 /* Debug */,
				50256CBA1A4B9D0B005950B9 /* Release */,
			);
			defaultConfigurationIsVisible = 0;
			defaultConfigurationName = Release;
		};
		50256CBB1A4B9D0B005950B9 /* Build configuration list for PBXNativeTarget "FT中文网Tests" */ = {
			isa = XCConfigurationList;
			buildConfigurations = (
				50256CBC1A4B9D0B005950B9 /* Debug */,
				50256CBD1A4B9D0B005950B9 /* Release */,
			);
			defaultConfigurationIsVisible = 0;
			defaultConfigurationName = Release;
		};
		507C7E711DB0BCE800A8EF50 /* Build configuration list for PBXNativeTarget "FT中文网-iPad" */ = {
			isa = XCConfigurationList;
			buildConfigurations = (
				507C7E721DB0BCE800A8EF50 /* Debug */,
				507C7E731DB0BCE800A8EF50 /* Release */,
			);
			defaultConfigurationIsVisible = 0;
			defaultConfigurationName = Release;
		};
		60BD9C431ED3BD1F00CFAD3C /* Build configuration list for PBXNativeTarget "FT今日焦点" */ = {
			isa = XCConfigurationList;
			buildConfigurations = (
				60BD9C441ED3BD1F00CFAD3C /* Debug */,
				60BD9C451ED3BD1F00CFAD3C /* Release */,
			);
			defaultConfigurationIsVisible = 0;
		};
/* End XCConfigurationList section */
	};
	rootObject = 50256C911A4B9D0B005950B9 /* Project object */;
}
